// !$*UTF8*$!
{
	archiveVersion = 1;
	classes = {
	};
	objectVersion = 46;
	objects = {

/* Begin PBXBuildFile section */
		392B3A021E8B9BF70041981B /* homeType.plist in Resources */ = {isa = PBXBuildFile; fileRef = 392B3A011E8B9BF70041981B /* homeType.plist */; };
		392B3A181E8BB03E0041981B /* LMHomeViewController.m in Sources */ = {isa = PBXBuildFile; fileRef = 392B3A0C1E8BB03E0041981B /* LMHomeViewController.m */; };
		392B3A191E8BB03E0041981B /* LMHomeTypeModel.m in Sources */ = {isa = PBXBuildFile; fileRef = 392B3A0F1E8BB03E0041981B /* LMHomeTypeModel.m */; };
		392B3A1A1E8BB03E0041981B /* LMCollectionReusableView.m in Sources */ = {isa = PBXBuildFile; fileRef = 392B3A121E8BB03E0041981B /* LMCollectionReusableView.m */; };
		392B3A1B1E8BB03E0041981B /* LMCollectionReusableView.xib in Resources */ = {isa = PBXBuildFile; fileRef = 392B3A131E8BB03E0041981B /* LMCollectionReusableView.xib */; };
		392B3A1C1E8BB03E0041981B /* LMHomeCollectionViewCell.m in Sources */ = {isa = PBXBuildFile; fileRef = 392B3A151E8BB03E0041981B /* LMHomeCollectionViewCell.m */; };
		392B3A1D1E8BB03E0041981B /* LMHomeCollectionViewCell.xib in Resources */ = {isa = PBXBuildFile; fileRef = 392B3A161E8BB03E0041981B /* LMHomeCollectionViewCell.xib */; };
		392B3DBD1E8CB5430041981B /* LMCustomThemeVC.m in Sources */ = {isa = PBXBuildFile; fileRef = 392B3D9F1E8CB5430041981B /* LMCustomThemeVC.m */; };
		3983E6B01E8A59410013A4C8 /* main.m in Sources */ = {isa = PBXBuildFile; fileRef = 3983E6AF1E8A59410013A4C8 /* main.m */; };
		3983E6B31E8A59410013A4C8 /* AppDelegate.m in Sources */ = {isa = PBXBuildFile; fileRef = 3983E6B21E8A59410013A4C8 /* AppDelegate.m */; };
		3983E6B91E8A59410013A4C8 /* Main.storyboard in Resources */ = {isa = PBXBuildFile; fileRef = 3983E6B71E8A59410013A4C8 /* Main.storyboard */; };
		3983E6BB1E8A59410013A4C8 /* Assets.xcassets in Resources */ = {isa = PBXBuildFile; fileRef = 3983E6BA1E8A59410013A4C8 /* Assets.xcassets */; };
		3983E6BE1E8A59410013A4C8 /* LaunchScreen.storyboard in Resources */ = {isa = PBXBuildFile; fileRef = 3983E6BC1E8A59410013A4C8 /* LaunchScreen.storyboard */; };
		398CFA101E8CDEC900186B88 /* LMZXSettingCell.m in Sources */ = {isa = PBXBuildFile; fileRef = 398CFA0E1E8CDEC900186B88 /* LMZXSettingCell.m */; };
		398CFA111E8CDEC900186B88 /* LMZXSettingCell.xib in Resources */ = {isa = PBXBuildFile; fileRef = 398CFA0F1E8CDEC900186B88 /* LMZXSettingCell.xib */; };
		398CFA141E8CDF2100186B88 /* LMZXColorViewController.m in Sources */ = {isa = PBXBuildFile; fileRef = 398CFA131E8CDF2100186B88 /* LMZXColorViewController.m */; };
		398CFA1A1E8CE00000186B88 /* LMZXAlphaView.m in Sources */ = {isa = PBXBuildFile; fileRef = 398CFA161E8CE00000186B88 /* LMZXAlphaView.m */; };
		398CFA1B1E8CE00000186B88 /* LMZXColorImageView.m in Sources */ = {isa = PBXBuildFile; fileRef = 398CFA181E8CE00000186B88 /* LMZXColorImageView.m */; };
		398CFA1C1E8CE00000186B88 /* palette.png in Resources */ = {isa = PBXBuildFile; fileRef = 398CFA191E8CE00000186B88 /* palette.png */; };
		398CFA1F1E8CE0DC00186B88 /* LMNavigationController.m in Sources */ = {isa = PBXBuildFile; fileRef = 398CFA1E1E8CE0DC00186B88 /* LMNavigationController.m */; };
		398CFDB21E8F7C8C00186B88 /* LMResultShowVC.m in Sources */ = {isa = PBXBuildFile; fileRef = 398CFDB11E8F7C8C00186B88 /* LMResultShowVC.m */; };
		D2E787331E9B584000A41C6C /* UIColor+Extension.m in Sources */ = {isa = PBXBuildFile; fileRef = D2E787321E9B584000A41C6C /* UIColor+Extension.m */; };
		D2E789691E9B970400A41C6C /* lmzxResource.bundle in Resources */ = {isa = PBXBuildFile; fileRef = D2E789661E9B970400A41C6C /* lmzxResource.bundle */; };
		D2E7896A1E9B970400A41C6C /* LMZXSDK.a in Frameworks */ = {isa = PBXBuildFile; fileRef = D2E789671E9B970400A41C6C /* LMZXSDK.a */; };
/* End PBXBuildFile section */

/* Begin PBXContainerItemProxy section */
		3983E6C51E8A59410013A4C8 /* PBXContainerItemProxy */ = {
			isa = PBXContainerItemProxy;
			containerPortal = 3983E6A31E8A59410013A4C8 /* Project object */;
			proxyType = 1;
			remoteGlobalIDString = 3983E6AA1E8A59410013A4C8;
			remoteInfo = LMZX_SDKDemo_OC;
		};
		3983E6D01E8A59410013A4C8 /* PBXContainerItemProxy */ = {
			isa = PBXContainerItemProxy;
			containerPortal = 3983E6A31E8A59410013A4C8 /* Project object */;
			proxyType = 1;
			remoteGlobalIDString = 3983E6AA1E8A59410013A4C8;
			remoteInfo = LMZX_SDKDemo_OC;
		};
/* End PBXContainerItemProxy section */

/* Begin PBXFileReference section */
		392B3A011E8B9BF70041981B /* homeType.plist */ = {isa = PBXFileReference; fileEncoding = 4; lastKnownFileType = text.plist.xml; name = homeType.plist; path = ../../homeType.plist; sourceTree = "<group>"; };
		392B3A0B1E8BB03E0041981B /* LMHomeViewController.h */ = {isa = PBXFileReference; fileEncoding = 4; lastKnownFileType = sourcecode.c.h; path = LMHomeViewController.h; sourceTree = "<group>"; };
		392B3A0C1E8BB03E0041981B /* LMHomeViewController.m */ = {isa = PBXFileReference; fileEncoding = 4; lastKnownFileType = sourcecode.c.objc; path = LMHomeViewController.m; sourceTree = "<group>"; };
		392B3A0E1E8BB03E0041981B /* LMHomeTypeModel.h */ = {isa = PBXFileReference; fileEncoding = 4; lastKnownFileType = sourcecode.c.h; path = LMHomeTypeModel.h; sourceTree = "<group>"; };
		392B3A0F1E8BB03E0041981B /* LMHomeTypeModel.m */ = {isa = PBXFileReference; fileEncoding = 4; lastKnownFileType = sourcecode.c.objc; path = LMHomeTypeModel.m; sourceTree = "<group>"; };
		392B3A111E8BB03E0041981B /* LMCollectionReusableView.h */ = {isa = PBXFileReference; fileEncoding = 4; lastKnownFileType = sourcecode.c.h; path = LMCollectionReusableView.h; sourceTree = "<group>"; };
		392B3A121E8BB03E0041981B /* LMCollectionReusableView.m */ = {isa = PBXFileReference; fileEncoding = 4; lastKnownFileType = sourcecode.c.objc; path = LMCollectionReusableView.m; sourceTree = "<group>"; };
		392B3A131E8BB03E0041981B /* LMCollectionReusableView.xib */ = {isa = PBXFileReference; fileEncoding = 4; lastKnownFileType = file.xib; path = LMCollectionReusableView.xib; sourceTree = "<group>"; };
		392B3A141E8BB03E0041981B /* LMHomeCollectionViewCell.h */ = {isa = PBXFileReference; fileEncoding = 4; lastKnownFileType = sourcecode.c.h; path = LMHomeCollectionViewCell.h; sourceTree = "<group>"; };
		392B3A151E8BB03E0041981B /* LMHomeCollectionViewCell.m */ = {isa = PBXFileReference; fileEncoding = 4; lastKnownFileType = sourcecode.c.objc; path = LMHomeCollectionViewCell.m; sourceTree = "<group>"; };
		392B3A161E8BB03E0041981B /* LMHomeCollectionViewCell.xib */ = {isa = PBXFileReference; fileEncoding = 4; lastKnownFileType = file.xib; path = LMHomeCollectionViewCell.xib; sourceTree = "<group>"; };
		392B3D9E1E8CB5430041981B /* LMCustomThemeVC.h */ = {isa = PBXFileReference; fileEncoding = 4; lastKnownFileType = sourcecode.c.h; path = LMCustomThemeVC.h; sourceTree = "<group>"; };
		392B3D9F1E8CB5430041981B /* LMCustomThemeVC.m */ = {isa = PBXFileReference; fileEncoding = 4; lastKnownFileType = sourcecode.c.objc; path = LMCustomThemeVC.m; sourceTree = "<group>"; };
		3983E6AB1E8A59410013A4C8 /* LMZX_SDKDemo_OC.app */ = {isa = PBXFileReference; explicitFileType = wrapper.application; includeInIndex = 0; path = LMZX_SDKDemo_OC.app; sourceTree = BUILT_PRODUCTS_DIR; };
		3983E6AF1E8A59410013A4C8 /* main.m */ = {isa = PBXFileReference; lastKnownFileType = sourcecode.c.objc; path = main.m; sourceTree = "<group>"; };
		3983E6B11E8A59410013A4C8 /* AppDelegate.h */ = {isa = PBXFileReference; lastKnownFileType = sourcecode.c.h; path = AppDelegate.h; sourceTree = "<group>"; };
		3983E6B21E8A59410013A4C8 /* AppDelegate.m */ = {isa = PBXFileReference; lastKnownFileType = sourcecode.c.objc; path = AppDelegate.m; sourceTree = "<group>"; };
		3983E6B81E8A59410013A4C8 /* Base */ = {isa = PBXFileReference; lastKnownFileType = file.storyboard; name = Base; path = Base.lproj/Main.storyboard; sourceTree = "<group>"; };
		3983E6BA1E8A59410013A4C8 /* Assets.xcassets */ = {isa = PBXFileReference; lastKnownFileType = folder.assetcatalog; path = Assets.xcassets; sourceTree = "<group>"; };
		3983E6BD1E8A59410013A4C8 /* Base */ = {isa = PBXFileReference; lastKnownFileType = file.storyboard; name = Base; path = Base.lproj/LaunchScreen.storyboard; sourceTree = "<group>"; };
		3983E6BF1E8A59410013A4C8 /* Info.plist */ = {isa = PBXFileReference; lastKnownFileType = text.plist.xml; path = Info.plist; sourceTree = "<group>"; };
		3983E6C41E8A59410013A4C8 /* LMZX_SDKDemo_OCTests.xctest */ = {isa = PBXFileReference; explicitFileType = wrapper.cfbundle; includeInIndex = 0; path = LMZX_SDKDemo_OCTests.xctest; sourceTree = BUILT_PRODUCTS_DIR; };
		3983E6CF1E8A59410013A4C8 /* LMZX_SDKDemo_OCUITests.xctest */ = {isa = PBXFileReference; explicitFileType = wrapper.cfbundle; includeInIndex = 0; path = LMZX_SDKDemo_OCUITests.xctest; sourceTree = BUILT_PRODUCTS_DIR; };
		398CFA0D1E8CDEC900186B88 /* LMZXSettingCell.h */ = {isa = PBXFileReference; fileEncoding = 4; lastKnownFileType = sourcecode.c.h; path = LMZXSettingCell.h; sourceTree = "<group>"; };
		398CFA0E1E8CDEC900186B88 /* LMZXSettingCell.m */ = {isa = PBXFileReference; fileEncoding = 4; lastKnownFileType = sourcecode.c.objc; path = LMZXSettingCell.m; sourceTree = "<group>"; };
		398CFA0F1E8CDEC900186B88 /* LMZXSettingCell.xib */ = {isa = PBXFileReference; fileEncoding = 4; lastKnownFileType = file.xib; path = LMZXSettingCell.xib; sourceTree = "<group>"; };
		398CFA121E8CDF2100186B88 /* LMZXColorViewController.h */ = {isa = PBXFileReference; fileEncoding = 4; lastKnownFileType = sourcecode.c.h; name = LMZXColorViewController.h; path = ../../Data/Controller/LMZXColorViewController.h; sourceTree = "<group>"; };
		398CFA131E8CDF2100186B88 /* LMZXColorViewController.m */ = {isa = PBXFileReference; fileEncoding = 4; lastKnownFileType = sourcecode.c.objc; name = LMZXColorViewController.m; path = ../../Data/Controller/LMZXColorViewController.m; sourceTree = "<group>"; };
		398CFA151E8CE00000186B88 /* LMZXAlphaView.h */ = {isa = PBXFileReference; fileEncoding = 4; lastKnownFileType = sourcecode.c.h; path = LMZXAlphaView.h; sourceTree = "<group>"; };
		398CFA161E8CE00000186B88 /* LMZXAlphaView.m */ = {isa = PBXFileReference; fileEncoding = 4; lastKnownFileType = sourcecode.c.objc; path = LMZXAlphaView.m; sourceTree = "<group>"; };
		398CFA171E8CE00000186B88 /* LMZXColorImageView.h */ = {isa = PBXFileReference; fileEncoding = 4; lastKnownFileType = sourcecode.c.h; path = LMZXColorImageView.h; sourceTree = "<group>"; };
		398CFA181E8CE00000186B88 /* LMZXColorImageView.m */ = {isa = PBXFileReference; fileEncoding = 4; lastKnownFileType = sourcecode.c.objc; path = LMZXColorImageView.m; sourceTree = "<group>"; };
		398CFA191E8CE00000186B88 /* palette.png */ = {isa = PBXFileReference; lastKnownFileType = image.png; path = palette.png; sourceTree = "<group>"; };
		398CFA1D1E8CE0DC00186B88 /* LMNavigationController.h */ = {isa = PBXFileReference; fileEncoding = 4; lastKnownFileType = sourcecode.c.h; path = LMNavigationController.h; sourceTree = "<group>"; };
		398CFA1E1E8CE0DC00186B88 /* LMNavigationController.m */ = {isa = PBXFileReference; fileEncoding = 4; lastKnownFileType = sourcecode.c.objc; path = LMNavigationController.m; sourceTree = "<group>"; };
		398CFDB01E8F7C8C00186B88 /* LMResultShowVC.h */ = {isa = PBXFileReference; fileEncoding = 4; lastKnownFileType = sourcecode.c.h; path = LMResultShowVC.h; sourceTree = "<group>"; };
		398CFDB11E8F7C8C00186B88 /* LMResultShowVC.m */ = {isa = PBXFileReference; fileEncoding = 4; lastKnownFileType = sourcecode.c.objc; path = LMResultShowVC.m; sourceTree = "<group>"; };
		39B7E25C1E95D57A00D5B599 /* libz.tbd */ = {isa = PBXFileReference; lastKnownFileType = "sourcecode.text-based-dylib-definition"; name = libz.tbd; path = usr/lib/libz.tbd; sourceTree = SDKROOT; };
		39B7E25E1E95D66600D5B599 /* CoreFoundation.framework */ = {isa = PBXFileReference; lastKnownFileType = wrapper.framework; name = CoreFoundation.framework; path = System/Library/Frameworks/CoreFoundation.framework; sourceTree = SDKROOT; };
		39B7E2601E95D78300D5B599 /* CoreLocation.framework */ = {isa = PBXFileReference; lastKnownFileType = wrapper.framework; name = CoreLocation.framework; path = System/Library/Frameworks/CoreLocation.framework; sourceTree = SDKROOT; };
		39B7E2621E95D79300D5B599 /* LocalAuthentication.framework */ = {isa = PBXFileReference; lastKnownFileType = wrapper.framework; name = LocalAuthentication.framework; path = System/Library/Frameworks/LocalAuthentication.framework; sourceTree = SDKROOT; };
		39B7E2661E95DA0D00D5B599 /* MobileCoreServices.framework */ = {isa = PBXFileReference; lastKnownFileType = wrapper.framework; name = MobileCoreServices.framework; path = System/Library/Frameworks/MobileCoreServices.framework; sourceTree = SDKROOT; };
		39B7E2681E95DBDA00D5B599 /* UIKit.framework */ = {isa = PBXFileReference; lastKnownFileType = wrapper.framework; name = UIKit.framework; path = System/Library/Frameworks/UIKit.framework; sourceTree = SDKROOT; };
		39B7E26A1E95DC1F00D5B599 /* Foundation.framework */ = {isa = PBXFileReference; lastKnownFileType = wrapper.framework; name = Foundation.framework; path = System/Library/Frameworks/Foundation.framework; sourceTree = SDKROOT; };
		39B7E26C1E95DC8900D5B599 /* CFNetwork.framework */ = {isa = PBXFileReference; lastKnownFileType = wrapper.framework; name = CFNetwork.framework; path = System/Library/Frameworks/CFNetwork.framework; sourceTree = SDKROOT; };
		39B7E26E1E95DCEE00D5B599 /* CoreImage.framework */ = {isa = PBXFileReference; lastKnownFileType = wrapper.framework; name = CoreImage.framework; path = System/Library/Frameworks/CoreImage.framework; sourceTree = SDKROOT; };
		D2591F941E98BB0D00032EE0 /* PrefixHeader.pch */ = {isa = PBXFileReference; fileEncoding = 4; lastKnownFileType = sourcecode.c.h; path = PrefixHeader.pch; sourceTree = "<group>"; };
		D2E787311E9B584000A41C6C /* UIColor+Extension.h */ = {isa = PBXFileReference; fileEncoding = 4; lastKnownFileType = sourcecode.c.h; name = "UIColor+Extension.h"; path = "LMZX_SDKDemo_OC/UIColor+Extension.h"; sourceTree = SOURCE_ROOT; };
		D2E787321E9B584000A41C6C /* UIColor+Extension.m */ = {isa = PBXFileReference; fileEncoding = 4; lastKnownFileType = sourcecode.c.objc; name = "UIColor+Extension.m"; path = "LMZX_SDKDemo_OC/UIColor+Extension.m"; sourceTree = SOURCE_ROOT; };
		D2E789661E9B970400A41C6C /* lmzxResource.bundle */ = {isa = PBXFileReference; lastKnownFileType = "wrapper.plug-in"; path = lmzxResource.bundle; sourceTree = "<group>"; };
		D2E789671E9B970400A41C6C /* LMZXSDK.a */ = {isa = PBXFileReference; lastKnownFileType = archive.ar; path = LMZXSDK.a; sourceTree = "<group>"; };
		D2E789681E9B970400A41C6C /* LMZXSDK.h */ = {isa = PBXFileReference; fileEncoding = 4; lastKnownFileType = sourcecode.c.h; path = LMZXSDK.h; sourceTree = "<group>"; };
/* End PBXFileReference section */

/* Begin PBXFrameworksBuildPhase section */
		3983E6A81E8A59410013A4C8 /* Frameworks */ = {
			isa = PBXFrameworksBuildPhase;
			buildActionMask = 2147483647;
			files = (
				D2E7896A1E9B970400A41C6C /* LMZXSDK.a in Frameworks */,
			);
			runOnlyForDeploymentPostprocessing = 0;
		};
		3983E6C11E8A59410013A4C8 /* Frameworks */ = {
			isa = PBXFrameworksBuildPhase;
			buildActionMask = 2147483647;
			files = (
			);
			runOnlyForDeploymentPostprocessing = 0;
		};
		3983E6CC1E8A59410013A4C8 /* Frameworks */ = {
			isa = PBXFrameworksBuildPhase;
			buildActionMask = 2147483647;
			files = (
			);
			runOnlyForDeploymentPostprocessing = 0;
		};
/* End PBXFrameworksBuildPhase section */

/* Begin PBXGroup section */
		392B39EB1E8B907A0041981B /* Data */ = {
			isa = PBXGroup;
			children = (
				392B3A091E8BB03E0041981B /* Controller */,
				392B3A0D1E8BB03E0041981B /* Model */,
				392B3A101E8BB03E0041981B /* View */,
			);
			path = Data;
			sourceTree = "<group>";
		};
		392B39EF1E8B907A0041981B /* Setting */ = {
			isa = PBXGroup;
			children = (
				392B3D9D1E8CB5430041981B /* Controller */,
				398CFA0C1E8CDEC900186B88 /* View */,
			);
			path = Setting;
			sourceTree = "<group>";
		};
		392B3A091E8BB03E0041981B /* Controller */ = {
			isa = PBXGroup;
			children = (
				392B3A0B1E8BB03E0041981B /* LMHomeViewController.h */,
				392B3A0C1E8BB03E0041981B /* LMHomeViewController.m */,
				398CFDB01E8F7C8C00186B88 /* LMResultShowVC.h */,
				398CFDB11E8F7C8C00186B88 /* LMResultShowVC.m */,
			);
			path = Controller;
			sourceTree = "<group>";
		};
		392B3A0D1E8BB03E0041981B /* Model */ = {
			isa = PBXGroup;
			children = (
				392B3A011E8B9BF70041981B /* homeType.plist */,
				392B3A0E1E8BB03E0041981B /* LMHomeTypeModel.h */,
				392B3A0F1E8BB03E0041981B /* LMHomeTypeModel.m */,
			);
			path = Model;
			sourceTree = "<group>";
		};
		392B3A101E8BB03E0041981B /* View */ = {
			isa = PBXGroup;
			children = (
				392B3A111E8BB03E0041981B /* LMCollectionReusableView.h */,
				392B3A121E8BB03E0041981B /* LMCollectionReusableView.m */,
				392B3A131E8BB03E0041981B /* LMCollectionReusableView.xib */,
				392B3A141E8BB03E0041981B /* LMHomeCollectionViewCell.h */,
				392B3A151E8BB03E0041981B /* LMHomeCollectionViewCell.m */,
				392B3A161E8BB03E0041981B /* LMHomeCollectionViewCell.xib */,
			);
			path = View;
			sourceTree = "<group>";
		};
		392B3D9D1E8CB5430041981B /* Controller */ = {
			isa = PBXGroup;
			children = (
				398CFA1D1E8CE0DC00186B88 /* LMNavigationController.h */,
				398CFA1E1E8CE0DC00186B88 /* LMNavigationController.m */,
				392B3D9E1E8CB5430041981B /* LMCustomThemeVC.h */,
				392B3D9F1E8CB5430041981B /* LMCustomThemeVC.m */,
				398CFA121E8CDF2100186B88 /* LMZXColorViewController.h */,
				398CFA131E8CDF2100186B88 /* LMZXColorViewController.m */,
			);
			path = Controller;
			sourceTree = "<group>";
		};
		3983E6A21E8A59410013A4C8 = {
			isa = PBXGroup;
			children = (
				D2E789651E9B970400A41C6C /* LMZXlib */,
				3983E6AD1E8A59410013A4C8 /* LMZX_SDKDemo_OC */,
				3983E6AC1E8A59410013A4C8 /* Products */,
				39B7E25B1E95D57A00D5B599 /* Frameworks */,
			);
			sourceTree = "<group>";
		};
		3983E6AC1E8A59410013A4C8 /* Products */ = {
			isa = PBXGroup;
			children = (
				3983E6AB1E8A59410013A4C8 /* LMZX_SDKDemo_OC.app */,
				3983E6C41E8A59410013A4C8 /* LMZX_SDKDemo_OCTests.xctest */,
				3983E6CF1E8A59410013A4C8 /* LMZX_SDKDemo_OCUITests.xctest */,
			);
			name = Products;
			sourceTree = "<group>";
		};
		3983E6AD1E8A59410013A4C8 /* LMZX_SDKDemo_OC */ = {
			isa = PBXGroup;
			children = (
				3983E6B11E8A59410013A4C8 /* AppDelegate.h */,
				3983E6B21E8A59410013A4C8 /* AppDelegate.m */,
				3983E6B71E8A59410013A4C8 /* Main.storyboard */,
				3983E6BA1E8A59410013A4C8 /* Assets.xcassets */,
				D2591F941E98BB0D00032EE0 /* PrefixHeader.pch */,
				3983E6BC1E8A59410013A4C8 /* LaunchScreen.storyboard */,
				39B7E2531E95CDDD00D5B599 /* Tool */,
				392B39EB1E8B907A0041981B /* Data */,
				392B39EF1E8B907A0041981B /* Setting */,
				3983E6BF1E8A59410013A4C8 /* Info.plist */,
				3983E6AE1E8A59410013A4C8 /* Supporting Files */,
			);
			path = LMZX_SDKDemo_OC;
			sourceTree = "<group>";
		};
		3983E6AE1E8A59410013A4C8 /* Supporting Files */ = {
			isa = PBXGroup;
			children = (
				3983E6AF1E8A59410013A4C8 /* main.m */,
			);
			name = "Supporting Files";
			sourceTree = "<group>";
		};
		398CFA0C1E8CDEC900186B88 /* View */ = {
			isa = PBXGroup;
			children = (
				398CFA151E8CE00000186B88 /* LMZXAlphaView.h */,
				398CFA161E8CE00000186B88 /* LMZXAlphaView.m */,
				398CFA171E8CE00000186B88 /* LMZXColorImageView.h */,
				398CFA181E8CE00000186B88 /* LMZXColorImageView.m */,
				398CFA191E8CE00000186B88 /* palette.png */,
				398CFA0D1E8CDEC900186B88 /* LMZXSettingCell.h */,
				398CFA0E1E8CDEC900186B88 /* LMZXSettingCell.m */,
				398CFA0F1E8CDEC900186B88 /* LMZXSettingCell.xib */,
			);
			path = View;
			sourceTree = "<group>";
		};
		39B7E2531E95CDDD00D5B599 /* Tool */ = {
			isa = PBXGroup;
			children = (
				D2E787311E9B584000A41C6C /* UIColor+Extension.h */,
				D2E787321E9B584000A41C6C /* UIColor+Extension.m */,
			);
			path = Tool;
			sourceTree = "<group>";
		};
		39B7E25B1E95D57A00D5B599 /* Frameworks */ = {
			isa = PBXGroup;
			children = (
				39B7E26E1E95DCEE00D5B599 /* CoreImage.framework */,
				39B7E26C1E95DC8900D5B599 /* CFNetwork.framework */,
				39B7E26A1E95DC1F00D5B599 /* Foundation.framework */,
				39B7E2681E95DBDA00D5B599 /* UIKit.framework */,
				39B7E2661E95DA0D00D5B599 /* MobileCoreServices.framework */,
				39B7E2621E95D79300D5B599 /* LocalAuthentication.framework */,
				39B7E2601E95D78300D5B599 /* CoreLocation.framework */,
				39B7E25E1E95D66600D5B599 /* CoreFoundation.framework */,
				39B7E25C1E95D57A00D5B599 /* libz.tbd */,
			);
			name = Frameworks;
			sourceTree = "<group>";
		};
		D2E789651E9B970400A41C6C /* LMZXlib */ = {
			isa = PBXGroup;
			children = (
				D2E789661E9B970400A41C6C /* lmzxResource.bundle */,
				D2E789671E9B970400A41C6C /* LMZXSDK.a */,
				D2E789681E9B970400A41C6C /* LMZXSDK.h */,
			);
			path = LMZXlib;
			sourceTree = "<group>";
		};
/* End PBXGroup section */

/* Begin PBXNativeTarget section */
		3983E6AA1E8A59410013A4C8 /* LMZX_SDKDemo_OC */ = {
			isa = PBXNativeTarget;
			buildConfigurationList = 3983E6D81E8A59410013A4C8 /* Build configuration list for PBXNativeTarget "LMZX_SDKDemo_OC" */;
			buildPhases = (
				3983E6A71E8A59410013A4C8 /* Sources */,
				3983E6A81E8A59410013A4C8 /* Frameworks */,
				3983E6A91E8A59410013A4C8 /* Resources */,
			);
			buildRules = (
			);
			dependencies = (
			);
			name = LMZX_SDKDemo_OC;
			productName = LMZX_SDKDemo_OC;
			productReference = 3983E6AB1E8A59410013A4C8 /* LMZX_SDKDemo_OC.app */;
			productType = "com.apple.product-type.application";
		};
		3983E6C31E8A59410013A4C8 /* LMZX_SDKDemo_OCTests */ = {
			isa = PBXNativeTarget;
			buildConfigurationList = 3983E6DB1E8A59410013A4C8 /* Build configuration list for PBXNativeTarget "LMZX_SDKDemo_OCTests" */;
			buildPhases = (
				3983E6C01E8A59410013A4C8 /* Sources */,
				3983E6C11E8A59410013A4C8 /* Frameworks */,
				3983E6C21E8A59410013A4C8 /* Resources */,
			);
			buildRules = (
			);
			dependencies = (
				3983E6C61E8A59410013A4C8 /* PBXTargetDependency */,
			);
			name = LMZX_SDKDemo_OCTests;
			productName = LMZX_SDKDemo_OCTests;
			productReference = 3983E6C41E8A59410013A4C8 /* LMZX_SDKDemo_OCTests.xctest */;
			productType = "com.apple.product-type.bundle.unit-test";
		};
		3983E6CE1E8A59410013A4C8 /* LMZX_SDKDemo_OCUITests */ = {
			isa = PBXNativeTarget;
			buildConfigurationList = 3983E6DE1E8A59410013A4C8 /* Build configuration list for PBXNativeTarget "LMZX_SDKDemo_OCUITests" */;
			buildPhases = (
				3983E6CB1E8A59410013A4C8 /* Sources */,
				3983E6CC1E8A59410013A4C8 /* Frameworks */,
				3983E6CD1E8A59410013A4C8 /* Resources */,
			);
			buildRules = (
			);
			dependencies = (
				3983E6D11E8A59410013A4C8 /* PBXTargetDependency */,
			);
			name = LMZX_SDKDemo_OCUITests;
			productName = LMZX_SDKDemo_OCUITests;
			productReference = 3983E6CF1E8A59410013A4C8 /* LMZX_SDKDemo_OCUITests.xctest */;
			productType = "com.apple.product-type.bundle.ui-testing";
		};
/* End PBXNativeTarget section */

/* Begin PBXProject section */
		3983E6A31E8A59410013A4C8 /* Project object */ = {
			isa = PBXProject;
			attributes = {
				LastUpgradeCheck = 0820;
				ORGANIZATIONNAME = 99baozi;
				TargetAttributes = {
					3983E6AA1E8A59410013A4C8 = {
						CreatedOnToolsVersion = 8.2.1;
						DevelopmentTeam = 28W82NWSCE;
						ProvisioningStyle = Automatic;
					};
					3983E6C31E8A59410013A4C8 = {
						CreatedOnToolsVersion = 8.2.1;
						DevelopmentTeam = Z6LNC4D4SJ;
						ProvisioningStyle = Automatic;
						TestTargetID = 3983E6AA1E8A59410013A4C8;
					};
					3983E6CE1E8A59410013A4C8 = {
						CreatedOnToolsVersion = 8.2.1;
						DevelopmentTeam = Z6LNC4D4SJ;
						ProvisioningStyle = Automatic;
						TestTargetID = 3983E6AA1E8A59410013A4C8;
					};
				};
			};
			buildConfigurationList = 3983E6A61E8A59410013A4C8 /* Build configuration list for PBXProject "LMZX_SDKDemo_OC" */;
			compatibilityVersion = "Xcode 3.2";
			developmentRegion = English;
			hasScannedForEncodings = 0;
			knownRegions = (
				en,
				Base,
			);
			mainGroup = 3983E6A21E8A59410013A4C8;
			productRefGroup = 3983E6AC1E8A59410013A4C8 /* Products */;
			projectDirPath = "";
			projectRoot = "";
			targets = (
				3983E6AA1E8A59410013A4C8 /* LMZX_SDKDemo_OC */,
				3983E6C31E8A59410013A4C8 /* LMZX_SDKDemo_OCTests */,
				3983E6CE1E8A59410013A4C8 /* LMZX_SDKDemo_OCUITests */,
			);
		};
/* End PBXProject section */

/* Begin PBXResourcesBuildPhase section */
		3983E6A91E8A59410013A4C8 /* Resources */ = {
			isa = PBXResourcesBuildPhase;
			buildActionMask = 2147483647;
			files = (
				D2E789691E9B970400A41C6C /* lmzxResource.bundle in Resources */,
				3983E6BE1E8A59410013A4C8 /* LaunchScreen.storyboard in Resources */,
				3983E6BB1E8A59410013A4C8 /* Assets.xcassets in Resources */,
				398CFA111E8CDEC900186B88 /* LMZXSettingCell.xib in Resources */,
				392B3A1B1E8BB03E0041981B /* LMCollectionReusableView.xib in Resources */,
				398CFA1C1E8CE00000186B88 /* palette.png in Resources */,
				392B3A1D1E8BB03E0041981B /* LMHomeCollectionViewCell.xib in Resources */,
				392B3A021E8B9BF70041981B /* homeType.plist in Resources */,
				3983E6B91E8A59410013A4C8 /* Main.storyboard in Resources */,
			);
			runOnlyForDeploymentPostprocessing = 0;
		};
		3983E6C21E8A59410013A4C8 /* Resources */ = {
			isa = PBXResourcesBuildPhase;
			buildActionMask = 2147483647;
			files = (
			);
			runOnlyForDeploymentPostprocessing = 0;
		};
		3983E6CD1E8A59410013A4C8 /* Resources */ = {
			isa = PBXResourcesBuildPhase;
			buildActionMask = 2147483647;
			files = (
			);
			runOnlyForDeploymentPostprocessing = 0;
		};
/* End PBXResourcesBuildPhase section */

/* Begin PBXSourcesBuildPhase section */
		3983E6A71E8A59410013A4C8 /* Sources */ = {
			isa = PBXSourcesBuildPhase;
			buildActionMask = 2147483647;
			files = (
				398CFA101E8CDEC900186B88 /* LMZXSettingCell.m in Sources */,
				3983E6B31E8A59410013A4C8 /* AppDelegate.m in Sources */,
				392B3A1C1E8BB03E0041981B /* LMHomeCollectionViewCell.m in Sources */,
				392B3DBD1E8CB5430041981B /* LMCustomThemeVC.m in Sources */,
				398CFA141E8CDF2100186B88 /* LMZXColorViewController.m in Sources */,
				392B3A1A1E8BB03E0041981B /* LMCollectionReusableView.m in Sources */,
				D2E787331E9B584000A41C6C /* UIColor+Extension.m in Sources */,
				398CFA1B1E8CE00000186B88 /* LMZXColorImageView.m in Sources */,
				392B3A191E8BB03E0041981B /* LMHomeTypeModel.m in Sources */,
				392B3A181E8BB03E0041981B /* LMHomeViewController.m in Sources */,
				398CFA1A1E8CE00000186B88 /* LMZXAlphaView.m in Sources */,
				3983E6B01E8A59410013A4C8 /* main.m in Sources */,
				398CFA1F1E8CE0DC00186B88 /* LMNavigationController.m in Sources */,
				398CFDB21E8F7C8C00186B88 /* LMResultShowVC.m in Sources */,
			);
			runOnlyForDeploymentPostprocessing = 0;
		};
		3983E6C01E8A59410013A4C8 /* Sources */ = {
			isa = PBXSourcesBuildPhase;
			buildActionMask = 2147483647;
			files = (
			);
			runOnlyForDeploymentPostprocessing = 0;
		};
		3983E6CB1E8A59410013A4C8 /* Sources */ = {
			isa = PBXSourcesBuildPhase;
			buildActionMask = 2147483647;
			files = (
			);
			runOnlyForDeploymentPostprocessing = 0;
		};
/* End PBXSourcesBuildPhase section */

/* Begin PBXTargetDependency section */
		3983E6C61E8A59410013A4C8 /* PBXTargetDependency */ = {
			isa = PBXTargetDependency;
			target = 3983E6AA1E8A59410013A4C8 /* LMZX_SDKDemo_OC */;
			targetProxy = 3983E6C51E8A59410013A4C8 /* PBXContainerItemProxy */;
		};
		3983E6D11E8A59410013A4C8 /* PBXTargetDependency */ = {
			isa = PBXTargetDependency;
			target = 3983E6AA1E8A59410013A4C8 /* LMZX_SDKDemo_OC */;
			targetProxy = 3983E6D01E8A59410013A4C8 /* PBXContainerItemProxy */;
		};
/* End PBXTargetDependency section */

/* Begin PBXVariantGroup section */
		3983E6B71E8A59410013A4C8 /* Main.storyboard */ = {
			isa = PBXVariantGroup;
			children = (
				3983E6B81E8A59410013A4C8 /* Base */,
			);
			name = Main.storyboard;
			sourceTree = "<group>";
		};
		3983E6BC1E8A59410013A4C8 /* LaunchScreen.storyboard */ = {
			isa = PBXVariantGroup;
			children = (
				3983E6BD1E8A59410013A4C8 /* Base */,
			);
			name = LaunchScreen.storyboard;
			sourceTree = "<group>";
		};
/* End PBXVariantGroup section */

/* Begin XCBuildConfiguration section */
		3983E6D61E8A59410013A4C8 /* Debug */ = {
			isa = XCBuildConfiguration;
			buildSettings = {
				ALWAYS_SEARCH_USER_PATHS = NO;
				CLANG_ANALYZER_NONNULL = YES;
				CLANG_CXX_LANGUAGE_STANDARD = "gnu++0x";
				CLANG_CXX_LIBRARY = "libc++";
				CLANG_ENABLE_MODULES = YES;
				CLANG_ENABLE_OBJC_ARC = YES;
				CLANG_WARN_BOOL_CONVERSION = YES;
				CLANG_WARN_CONSTANT_CONVERSION = YES;
				CLANG_WARN_DIRECT_OBJC_ISA_USAGE = YES_ERROR;
				CLANG_WARN_DOCUMENTATION_COMMENTS = YES;
				CLANG_WARN_EMPTY_BODY = YES;
				CLANG_WARN_ENUM_CONVERSION = YES;
				CLANG_WARN_INFINITE_RECURSION = YES;
				CLANG_WARN_INT_CONVERSION = YES;
				CLANG_WARN_OBJC_ROOT_CLASS = YES_ERROR;
				CLANG_WARN_SUSPICIOUS_MOVE = YES;
				CLANG_WARN_UNREACHABLE_CODE = YES;
				CLANG_WARN__DUPLICATE_METHOD_MATCH = YES;
				"CODE_SIGN_IDENTITY[sdk=iphoneos*]" = "iPhone Developer";
				COPY_PHASE_STRIP = NO;
				DEBUG_INFORMATION_FORMAT = dwarf;
				ENABLE_STRICT_OBJC_MSGSEND = YES;
				ENABLE_TESTABILITY = YES;
				GCC_C_LANGUAGE_STANDARD = gnu99;
				GCC_DYNAMIC_NO_PIC = NO;
				GCC_NO_COMMON_BLOCKS = YES;
				GCC_OPTIMIZATION_LEVEL = 0;
				GCC_PREPROCESSOR_DEFINITIONS = (
					"DEBUG=1",
					"$(inherited)",
				);
				GCC_WARN_64_TO_32_BIT_CONVERSION = YES;
				GCC_WARN_ABOUT_RETURN_TYPE = YES_ERROR;
				GCC_WARN_UNDECLARED_SELECTOR = YES;
				GCC_WARN_UNINITIALIZED_AUTOS = YES_AGGRESSIVE;
				GCC_WARN_UNUSED_FUNCTION = YES;
				GCC_WARN_UNUSED_VARIABLE = YES;
				IPHONEOS_DEPLOYMENT_TARGET = 10.2;
				MTL_ENABLE_DEBUG_INFO = YES;
				ONLY_ACTIVE_ARCH = YES;
				SDKROOT = iphoneos;
				TARGETED_DEVICE_FAMILY = "1,2";
			};
			name = Debug;
		};
		3983E6D71E8A59410013A4C8 /* Release */ = {
			isa = XCBuildConfiguration;
			buildSettings = {
				ALWAYS_SEARCH_USER_PATHS = NO;
				CLANG_ANALYZER_NONNULL = YES;
				CLANG_CXX_LANGUAGE_STANDARD = "gnu++0x";
				CLANG_CXX_LIBRARY = "libc++";
				CLANG_ENABLE_MODULES = YES;
				CLANG_ENABLE_OBJC_ARC = YES;
				CLANG_WARN_BOOL_CONVERSION = YES;
				CLANG_WARN_CONSTANT_CONVERSION = YES;
				CLANG_WARN_DIRECT_OBJC_ISA_USAGE = YES_ERROR;
				CLANG_WARN_DOCUMENTATION_COMMENTS = YES;
				CLANG_WARN_EMPTY_BODY = YES;
				CLANG_WARN_ENUM_CONVERSION = YES;
				CLANG_WARN_INFINITE_RECURSION = YES;
				CLANG_WARN_INT_CONVERSION = YES;
				CLANG_WARN_OBJC_ROOT_CLASS = YES_ERROR;
				CLANG_WARN_SUSPICIOUS_MOVE = YES;
				CLANG_WARN_UNREACHABLE_CODE = YES;
				CLANG_WARN__DUPLICATE_METHOD_MATCH = YES;
				"CODE_SIGN_IDENTITY[sdk=iphoneos*]" = "iPhone Developer";
				COPY_PHASE_STRIP = NO;
				DEBUG_INFORMATION_FORMAT = "dwarf-with-dsym";
				ENABLE_NS_ASSERTIONS = NO;
				ENABLE_STRICT_OBJC_MSGSEND = YES;
				GCC_C_LANGUAGE_STANDARD = gnu99;
				GCC_NO_COMMON_BLOCKS = YES;
				GCC_WARN_64_TO_32_BIT_CONVERSION = YES;
				GCC_WARN_ABOUT_RETURN_TYPE = YES_ERROR;
				GCC_WARN_UNDECLARED_SELECTOR = YES;
				GCC_WARN_UNINITIALIZED_AUTOS = YES_AGGRESSIVE;
				GCC_WARN_UNUSED_FUNCTION = YES;
				GCC_WARN_UNUSED_VARIABLE = YES;
				IPHONEOS_DEPLOYMENT_TARGET = 10.2;
				MTL_ENABLE_DEBUG_INFO = NO;
				SDKROOT = iphoneos;
				TARGETED_DEVICE_FAMILY = "1,2";
				VALIDATE_PRODUCT = YES;
			};
			name = Release;
		};
		3983E6D91E8A59410013A4C8 /* Debug */ = {
			isa = XCBuildConfiguration;
			buildSettings = {
				ASSETCATALOG_COMPILER_APPICON_NAME = AppIcon;
				DEVELOPMENT_TEAM = 28W82NWSCE;
				ENABLE_BITCODE = NO;
				GCC_PREFIX_HEADER = "$(SRCROOT)/LMZX_SDKDemo_OC/PrefixHeader.pch";
				INFOPLIST_FILE = LMZX_SDKDemo_OC/Info.plist;
				IPHONEOS_DEPLOYMENT_TARGET = 7.0;
				LD_RUNPATH_SEARCH_PATHS = "$(inherited) @executable_path/Frameworks";
				LIBRARY_SEARCH_PATHS = (
					"$(inherited)",
					"$(PROJECT_DIR)/LMZX_SDKDemo_OC/Lib",
					"$(PROJECT_DIR)/LMZX_SDKDemo_OC/Lib/LMZXlib",
					"$(PROJECT_DIR)/LMZXlib",
				);
				OTHER_LDFLAGS = "-all_load";
				PRODUCT_BUNDLE_IDENTIFIER = com.lmzx.SDK.kehu;
				PRODUCT_NAME = "$(TARGET_NAME)";
			};
			name = Debug;
		};
		3983E6DA1E8A59410013A4C8 /* Release */ = {
			isa = XCBuildConfiguration;
			buildSettings = {
				ASSETCATALOG_COMPILER_APPICON_NAME = AppIcon;
				DEVELOPMENT_TEAM = 28W82NWSCE;
				ENABLE_BITCODE = NO;
				GCC_PREFIX_HEADER = "$(SRCROOT)/LMZX_SDKDemo_OC/PrefixHeader.pch";
				INFOPLIST_FILE = LMZX_SDKDemo_OC/Info.plist;
				IPHONEOS_DEPLOYMENT_TARGET = 7.0;
				LD_RUNPATH_SEARCH_PATHS = "$(inherited) @executable_path/Frameworks";
				LIBRARY_SEARCH_PATHS = (
					"$(inherited)",
					"$(PROJECT_DIR)/LMZX_SDKDemo_OC/Lib",
					"$(PROJECT_DIR)/LMZX_SDKDemo_OC/Lib/LMZXlib",
					"$(PROJECT_DIR)/LMZXlib",
				);
				OTHER_LDFLAGS = "-all_load";
				PRODUCT_BUNDLE_IDENTIFIER = com.lmzx.SDK.kehu;
				PRODUCT_NAME = "$(TARGET_NAME)";
			};
			name = Release;
		};
		3983E6DC1E8A59410013A4C8 /* Debug */ = {
			isa = XCBuildConfiguration;
			buildSettings = {
				BUNDLE_LOADER = "$(TEST_HOST)";
				DEVELOPMENT_TEAM = Z6LNC4D4SJ;
				INFOPLIST_FILE = LMZX_SDKDemo_OCTests/Info.plist;
				LD_RUNPATH_SEARCH_PATHS = "$(inherited) @executable_path/Frameworks @loader_path/Frameworks";
				PRODUCT_BUNDLE_IDENTIFIER = "com.99baozi.LiMuZhengXinWYJ.LMZX-SDKDemo-OCTests";
				PRODUCT_NAME = "$(TARGET_NAME)";
				TEST_HOST = "$(BUILT_PRODUCTS_DIR)/LMZX_SDKDemo_OC.app/LMZX_SDKDemo_OC";
			};
			name = Debug;
		};
		3983E6DD1E8A59410013A4C8 /* Release */ = {
			isa = XCBuildConfiguration;
			buildSettings = {
				BUNDLE_LOADER = "$(TEST_HOST)";
				DEVELOPMENT_TEAM = Z6LNC4D4SJ;
				INFOPLIST_FILE = LMZX_SDKDemo_OCTests/Info.plist;
				LD_RUNPATH_SEARCH_PATHS = "$(inherited) @executable_path/Frameworks @loader_path/Frameworks";
				PRODUCT_BUNDLE_IDENTIFIER = "com.99baozi.LiMuZhengXinWYJ.LMZX-SDKDemo-OCTests";
				PRODUCT_NAME = "$(TARGET_NAME)";
				TEST_HOST = "$(BUILT_PRODUCTS_DIR)/LMZX_SDKDemo_OC.app/LMZX_SDKDemo_OC";
			};
			name = Release;
		};
		3983E6DF1E8A59410013A4C8 /* Debug */ = {
			isa = XCBuildConfiguration;
			buildSettings = {
				DEVELOPMENT_TEAM = Z6LNC4D4SJ;
				INFOPLIST_FILE = LMZX_SDKDemo_OCUITests/Info.plist;
				LD_RUNPATH_SEARCH_PATHS = "$(inherited) @executable_path/Frameworks @loader_path/Frameworks";
				PRODUCT_BUNDLE_IDENTIFIER = "com.99baozi.LiMuZhengXinWYJ.LMZX-SDKDemo-OCUITests";
				PRODUCT_NAME = "$(TARGET_NAME)";
				TEST_TARGET_NAME = LMZX_SDKDemo_OC;
			};
			name = Debug;
		};
		3983E6E01E8A59410013A4C8 /* Release */ = {
			isa = XCBuildConfiguration;
			buildSettings = {
				DEVELOPMENT_TEAM = Z6LNC4D4SJ;
				INFOPLIST_FILE = LMZX_SDKDemo_OCUITests/Info.plist;
				LD_RUNPATH_SEARCH_PATHS = "$(inherited) @executable_path/Frameworks @loader_path/Frameworks";
				PRODUCT_BUNDLE_IDENTIFIER = "com.99baozi.LiMuZhengXinWYJ.LMZX-SDKDemo-OCUITests";
				PRODUCT_NAME = "$(TARGET_NAME)";
				TEST_TARGET_NAME = LMZX_SDKDemo_OC;
			};
			name = Release;
		};
/* End XCBuildConfiguration section */

/* Begin XCConfigurationList section */
		3983E6A61E8A59410013A4C8 /* Build configuration list for PBXProject "LMZX_SDKDemo_OC" */ = {
			isa = XCConfigurationList;
			buildConfigurations = (
				3983E6D61E8A59410013A4C8 /* Debug */,
				3983E6D71E8A59410013A4C8 /* Release */,
			);
			defaultConfigurationIsVisible = 0;
			defaultConfigurationName = Release;
		};
		3983E6D81E8A59410013A4C8 /* Build configuration list for PBXNativeTarget "LMZX_SDKDemo_OC" */ = {
			isa = XCConfigurationList;
			buildConfigurations = (
				3983E6D91E8A59410013A4C8 /* Debug */,
				3983E6DA1E8A59410013A4C8 /* Release */,
			);
			defaultConfigurationIsVisible = 0;
			defaultConfigurationName = Release;
		};
		3983E6DB1E8A59410013A4C8 /* Build configuration list for PBXNativeTarget "LMZX_SDKDemo_OCTests" */ = {
			isa = XCConfigurationList;
			buildConfigurations = (
				3983E6DC1E8A59410013A4C8 /* Debug */,
				3983E6DD1E8A59410013A4C8 /* Release */,
			);
			defaultConfigurationIsVisible = 0;
			defaultConfigurationName = Release;
		};
		3983E6DE1E8A59410013A4C8 /* Build configuration list for PBXNativeTarget "LMZX_SDKDemo_OCUITests" */ = {
			isa = XCConfigurationList;
			buildConfigurations = (
				3983E6DF1E8A59410013A4C8 /* Debug */,
				3983E6E01E8A59410013A4C8 /* Release */,
			);
			defaultConfigurationIsVisible = 0;
			defaultConfigurationName = Release;
		};
/* End XCConfigurationList section */
	};
	rootObject = 3983E6A31E8A59410013A4C8 /* Project object */;
}
