// !$*UTF8*$!
{
	archiveVersion = 1;
	classes = {
	};
	objectVersion = 48;
	objects = {

/* Begin PBXAggregateTarget section */
		D256428E1F4C0D3E00F903AD /* build_SDKdabao */ = {
			isa = PBXAggregateTarget;
			buildConfigurationList = D25642911F4C0D3F00F903AD /* Build configuration list for PBXAggregateTarget "build_SDKdabao" */;
			buildPhases = (
				D25642921F4C0D4E00F903AD /* ShellScript */,
			);
			dependencies = (
			);
			name = build_SDKdabao;
			productName = build_SDKdabao;
		};
/* End PBXAggregateTarget section */

/* Begin PBXBuildFile section */
		D28A50AD1EFBB1B6001C0463 /* LMZXBaseViewController.m in Sources */ = {isa = PBXBuildFile; fileRef = D28A50101EFBB1B5001C0463 /* LMZXBaseViewController.m */; };
		D28A50AE1EFBB1B6001C0463 /* LMZXSDKNavigationController.m in Sources */ = {isa = PBXBuildFile; fileRef = D28A50121EFBB1B5001C0463 /* LMZXSDKNavigationController.m */; };
		D28A50AF1EFBB1B6001C0463 /* LMZXToast+UIView.m in Sources */ = {isa = PBXBuildFile; fileRef = D28A50151EFBB1B5001C0463 /* LMZXToast+UIView.m */; };
		D28A50B01EFBB1B6001C0463 /* NSString+LMZXCommon.m in Sources */ = {isa = PBXBuildFile; fileRef = D28A50171EFBB1B5001C0463 /* NSString+LMZXCommon.m */; };
		D28A50B11EFBB1B6001C0463 /* UIBarButtonItem+LMZXExtension.m in Sources */ = {isa = PBXBuildFile; fileRef = D28A50191EFBB1B5001C0463 /* UIBarButtonItem+LMZXExtension.m */; };
		D28A50B21EFBB1B6001C0463 /* UIButton+LMZXExtension.m in Sources */ = {isa = PBXBuildFile; fileRef = D28A501B1EFBB1B5001C0463 /* UIButton+LMZXExtension.m */; };
		D28A50B31EFBB1B6001C0463 /* UIImage+LMZXTint.m in Sources */ = {isa = PBXBuildFile; fileRef = D28A501D1EFBB1B5001C0463 /* UIImage+LMZXTint.m */; };
		D28A50B41EFBB1B6001C0463 /* UIImageView+LMZXExtend.m in Sources */ = {isa = PBXBuildFile; fileRef = D28A501F1EFBB1B5001C0463 /* UIImageView+LMZXExtend.m */; };
		D28A50B51EFBB1B6001C0463 /* UILabel+LMZXExtension.m in Sources */ = {isa = PBXBuildFile; fileRef = D28A50211EFBB1B5001C0463 /* UILabel+LMZXExtension.m */; };
		D28A50B61EFBB1B6001C0463 /* UIView+LMZXExtension.m in Sources */ = {isa = PBXBuildFile; fileRef = D28A50231EFBB1B5001C0463 /* UIView+LMZXExtension.m */; };
		D28A50B71EFBB1B6001C0463 /* UIViewController+LMZXBackButtonHandler.m in Sources */ = {isa = PBXBuildFile; fileRef = D28A50251EFBB1B5001C0463 /* UIViewController+LMZXBackButtonHandler.m */; };
		D28A50B81EFBB1B6001C0463 /* LMZXFactoryView.m in Sources */ = {isa = PBXBuildFile; fileRef = D28A50281EFBB1B5001C0463 /* LMZXFactoryView.m */; };
		D28A50B91EFBB1B6001C0463 /* LMZXLog.m in Sources */ = {isa = PBXBuildFile; fileRef = D28A502A1EFBB1B5001C0463 /* LMZXLog.m */; };
		D28A50BA1EFBB1B6001C0463 /* LMZXSMSTextFiled.m in Sources */ = {isa = PBXBuildFile; fileRef = D28A502C1EFBB1B5001C0463 /* LMZXSMSTextFiled.m */; };
		D28A50BB1EFBB1B6001C0463 /* LMZXTool.m in Sources */ = {isa = PBXBuildFile; fileRef = D28A502E1EFBB1B5001C0463 /* LMZXTool.m */; };
		D28A50BC1EFBB1B6001C0463 /* LMZXSDK.m in Sources */ = {isa = PBXBuildFile; fileRef = D28A50321EFBB1B5001C0463 /* LMZXSDK.m */; };
		D28A50BD1EFBB1B6001C0463 /* LMZXWebLoadingType.m in Sources */ = {isa = PBXBuildFile; fileRef = D28A50341EFBB1B5001C0463 /* LMZXWebLoadingType.m */; };
		D28A50BE1EFBB1B6001C0463 /* LMZXPopTextFiledView.m in Sources */ = {isa = PBXBuildFile; fileRef = D28A50391EFBB1B5001C0463 /* LMZXPopTextFiledView.m */; };
		D28A50BF1EFBB1B6001C0463 /* LMZXCityListBaseVC.m in Sources */ = {isa = PBXBuildFile; fileRef = D28A503D1EFBB1B5001C0463 /* LMZXCityListBaseVC.m */; };
		D28A50C01EFBB1B6001C0463 /* LMZXCityListiOS7VC.m in Sources */ = {isa = PBXBuildFile; fileRef = D28A503F1EFBB1B5001C0463 /* LMZXCityListiOS7VC.m */; };
		D28A50C11EFBB1B6001C0463 /* LMZXCityListCell.m in Sources */ = {isa = PBXBuildFile; fileRef = D28A50411EFBB1B5001C0463 /* LMZXCityListCell.m */; };
		D28A50C21EFBB1B6001C0463 /* LMZXCityListViewController.m in Sources */ = {isa = PBXBuildFile; fileRef = D28A50431EFBB1B5001C0463 /* LMZXCityListViewController.m */; };
		D28A50C31EFBB1B6001C0463 /* LMZXCityLocationView.m in Sources */ = {isa = PBXBuildFile; fileRef = D28A50451EFBB1B5001C0463 /* LMZXCityLocationView.m */; };
		D28A50C41EFBB1B6001C0463 /* LMZXCityModel.m in Sources */ = {isa = PBXBuildFile; fileRef = D28A50471EFBB1B5001C0463 /* LMZXCityModel.m */; };
		D28A50C51EFBB1B6001C0463 /* LMZXCitySearchResultVC.m in Sources */ = {isa = PBXBuildFile; fileRef = D28A50491EFBB1B5001C0463 /* LMZXCitySearchResultVC.m */; };
		D28A50C61EFBB1B6001C0463 /* LMZXSearchBaseVC.m in Sources */ = {isa = PBXBuildFile; fileRef = D28A504C1EFBB1B5001C0463 /* LMZXSearchBaseVC.m */; };
		D28A50C71EFBB1B6001C0463 /* LMZXLoadingAnimation.m in Sources */ = {isa = PBXBuildFile; fileRef = D28A50501EFBB1B5001C0463 /* LMZXLoadingAnimation.m */; };
		D28A50C81EFBB1B6001C0463 /* LMZXLoadingManagerView.m in Sources */ = {isa = PBXBuildFile; fileRef = D28A50521EFBB1B5001C0463 /* LMZXLoadingManagerView.m */; };
		D28A50C91EFBB1B6001C0463 /* LMZXLoadingReportBaseVC.m in Sources */ = {isa = PBXBuildFile; fileRef = D28A50541EFBB1B5001C0463 /* LMZXLoadingReportBaseVC.m */; };
		D28A50CA1EFBB1B6001C0463 /* LMZXTBProtocol.m in Sources */ = {isa = PBXBuildFile; fileRef = D28A50581EFBB1B5001C0463 /* LMZXTBProtocol.m */; };
		D28A50CB1EFBB1B6001C0463 /* LMZXWebNetWork.m in Sources */ = {isa = PBXBuildFile; fileRef = D28A505A1EFBB1B5001C0463 /* LMZXWebNetWork.m */; };
		D28A50CC1EFBB1B6001C0463 /* LMZXWebViewBaseVC.m in Sources */ = {isa = PBXBuildFile; fileRef = D28A505C1EFBB1B5001C0463 /* LMZXWebViewBaseVC.m */; };
		D28A50CD1EFBB1B6001C0463 /* LMZXAnalysisWebModel.m in Sources */ = {isa = PBXBuildFile; fileRef = D28A505E1EFBB1B5001C0463 /* LMZXAnalysisWebModel.m */; };
		D28A50CE1EFBB1B6001C0463 /* LMZXReachability.m in Sources */ = {isa = PBXBuildFile; fileRef = D28A50601EFBB1B5001C0463 /* LMZXReachability.m */; };
		D28A50CF1EFBB1B6001C0463 /* LMZXWebViewController.m in Sources */ = {isa = PBXBuildFile; fileRef = D28A50621EFBB1B5001C0463 /* LMZXWebViewController.m */; };
		D28A50D01EFBB1B6001C0463 /* LMZXWebBusinessVC.m in Sources */ = {isa = PBXBuildFile; fileRef = D28A50651EFBB1B5001C0463 /* LMZXWebBusinessVC.m */; };
		D28A50D11EFBB1B6001C0463 /* LMZXHTTPTool.m in Sources */ = {isa = PBXBuildFile; fileRef = D28A50691EFBB1B5001C0463 /* LMZXHTTPTool.m */; };
		D28A50D21EFBB1B6001C0463 /* LMZXURLRequestSerialization.m in Sources */ = {isa = PBXBuildFile; fileRef = D28A506B1EFBB1B5001C0463 /* LMZXURLRequestSerialization.m */; };
		D28A50D31EFBB1B6001C0463 /* LMZXBaseSearchDataTool.m in Sources */ = {isa = PBXBuildFile; fileRef = D28A506E1EFBB1B5001C0463 /* LMZXBaseSearchDataTool.m */; };
		D28A50D41EFBB1B6001C0463 /* LMZXQueryInfoModel.m in Sources */ = {isa = PBXBuildFile; fileRef = D28A50711EFBB1B6001C0463 /* LMZXQueryInfoModel.m */; };
		D28A50D51EFBB1B6001C0463 /* LMZXEducationSearchVC.m in Sources */ = {isa = PBXBuildFile; fileRef = D28A50751EFBB1B6001C0463 /* LMZXEducationSearchVC.m */; };
		D28A50D61EFBB1B6001C0463 /* LMZXHouseFundSocialSecuritySearchVC.m in Sources */ = {isa = PBXBuildFile; fileRef = D28A50781EFBB1B6001C0463 /* LMZXHouseFundSocialSecuritySearchVC.m */; };
		D28A50D71EFBB1B6001C0463 /* LMZXJDSearchVC.m in Sources */ = {isa = PBXBuildFile; fileRef = D28A507B1EFBB1B6001C0463 /* LMZXJDSearchVC.m */; };
		D28A50D81EFBB1B6001C0463 /* LMZXMobileCarrieSearchVC.m in Sources */ = {isa = PBXBuildFile; fileRef = D28A507E1EFBB1B6001C0463 /* LMZXMobileCarrieSearchVC.m */; };
		D28A50D91EFBB1B6001C0463 /* LMZXSearchCellModel.m in Sources */ = {isa = PBXBuildFile; fileRef = D28A50811EFBB1B6001C0463 /* LMZXSearchCellModel.m */; };
		D28A50DA1EFBB1B6001C0463 /* LMZXCommonSearchCell.m in Sources */ = {isa = PBXBuildFile; fileRef = D28A50841EFBB1B6001C0463 /* LMZXCommonSearchCell.m */; };
		D28A50DB1EFBB1B6001C0463 /* LMZXTaobaoSearchVC.m in Sources */ = {isa = PBXBuildFile; fileRef = D28A50871EFBB1B6001C0463 /* LMZXTaobaoSearchVC.m */; };
		D28A50DC1EFBB1B6001C0463 /* LMZXAutoinsuranceVC.m in Sources */ = {isa = PBXBuildFile; fileRef = D28A508B1EFBB1B6001C0463 /* LMZXAutoinsuranceVC.m */; };
		D28A50DD1EFBB1B6001C0463 /* LMZXLevelSlideBar.m in Sources */ = {isa = PBXBuildFile; fileRef = D28A508E1EFBB1B6001C0463 /* LMZXLevelSlideBar.m */; };
		D28A50DE1EFBB1B6001C0463 /* LMZXListHookCell.m in Sources */ = {isa = PBXBuildFile; fileRef = D28A50901EFBB1B6001C0463 /* LMZXListHookCell.m */; };
		D28A50DF1EFBB1B6001C0463 /* LMZXListHookModel.m in Sources */ = {isa = PBXBuildFile; fileRef = D28A50921EFBB1B6001C0463 /* LMZXListHookModel.m */; };
		D28A50E01EFBB1B6001C0463 /* LMZXListHookVC.m in Sources */ = {isa = PBXBuildFile; fileRef = D28A50941EFBB1B6001C0463 /* LMZXListHookVC.m */; };
		D28A50E11EFBB1B6001C0463 /* LMZXCentralBankVC.m in Sources */ = {isa = PBXBuildFile; fileRef = D28A50971EFBB1B6001C0463 /* LMZXCentralBankVC.m */; };
		D28A50E21EFBB1B6001C0463 /* LMZXCreditBillGuideVC.m in Sources */ = {isa = PBXBuildFile; fileRef = D28A509A1EFBB1B6001C0463 /* LMZXCreditBillGuideVC.m */; };
		D28A50E31EFBB1B6001C0463 /* LMZXCreditBillNativeVC.m in Sources */ = {isa = PBXBuildFile; fileRef = D28A509C1EFBB1B6001C0463 /* LMZXCreditBillNativeVC.m */; };
		D28A50E41EFBB1B6001C0463 /* LMZXCreditBillWebVC.m in Sources */ = {isa = PBXBuildFile; fileRef = D28A509E1EFBB1B6001C0463 /* LMZXCreditBillWebVC.m */; };
		D28A50E51EFBB1B6001C0463 /* LMZXImageBtn.m in Sources */ = {isa = PBXBuildFile; fileRef = D28A50A01EFBB1B6001C0463 /* LMZXImageBtn.m */; };
		D28A50E61EFBB1B6001C0463 /* LMZXEBankBillVC.m in Sources */ = {isa = PBXBuildFile; fileRef = D28A50A31EFBB1B6001C0463 /* LMZXEBankBillVC.m */; };
		D28A50E71EFBB1B6001C0463 /* LMZXCtripVC.m in Sources */ = {isa = PBXBuildFile; fileRef = D28A50A61EFBB1B6001C0463 /* LMZXCtripVC.m */; };
		D28A50E81EFBB1B6001C0463 /* LMZXDiDiTaxiVC.m in Sources */ = {isa = PBXBuildFile; fileRef = D28A50A81EFBB1B6001C0463 /* LMZXDiDiTaxiVC.m */; };
		D28A50E91EFBB1B6001C0463 /* LMZXLinkedinMaimaiVC.m in Sources */ = {isa = PBXBuildFile; fileRef = D28A50AA1EFBB1B6001C0463 /* LMZXLinkedinMaimaiVC.m */; };
		D28A50EA1EFBB1B6001C0463 /* LMZXLostCreditVC.m in Sources */ = {isa = PBXBuildFile; fileRef = D28A50AC1EFBB1B6001C0463 /* LMZXLostCreditVC.m */; };
/* End PBXBuildFile section */

/* Begin PBXCopyFilesBuildPhase section */
		D2E786131E9B50B700A41C6C /* CopyFiles */ = {
			isa = PBXCopyFilesBuildPhase;
			buildActionMask = 2147483647;
			dstPath = "include/$(PRODUCT_NAME)";
			dstSubfolderSpec = 16;
			files = (
			);
			runOnlyForDeploymentPostprocessing = 0;
		};
/* End PBXCopyFilesBuildPhase section */

/* Begin PBXFileReference section */
		D28A500F1EFBB1B5001C0463 /* LMZXBaseViewController.h */ = {isa = PBXFileReference; fileEncoding = 4; lastKnownFileType = sourcecode.c.h; path = LMZXBaseViewController.h; sourceTree = "<group>"; };
		D28A50101EFBB1B5001C0463 /* LMZXBaseViewController.m */ = {isa = PBXFileReference; fileEncoding = 4; lastKnownFileType = sourcecode.c.objc; path = LMZXBaseViewController.m; sourceTree = "<group>"; };
		D28A50111EFBB1B5001C0463 /* LMZXSDKNavigationController.h */ = {isa = PBXFileReference; fileEncoding = 4; lastKnownFileType = sourcecode.c.h; path = LMZXSDKNavigationController.h; sourceTree = "<group>"; };
		D28A50121EFBB1B5001C0463 /* LMZXSDKNavigationController.m */ = {isa = PBXFileReference; fileEncoding = 4; lastKnownFileType = sourcecode.c.objc; path = LMZXSDKNavigationController.m; sourceTree = "<group>"; };
		D28A50141EFBB1B5001C0463 /* LMZXToast+UIView.h */ = {isa = PBXFileReference; fileEncoding = 4; lastKnownFileType = sourcecode.c.h; path = "LMZXToast+UIView.h"; sourceTree = "<group>"; };
		D28A50151EFBB1B5001C0463 /* LMZXToast+UIView.m */ = {isa = PBXFileReference; fileEncoding = 4; lastKnownFileType = sourcecode.c.objc; path = "LMZXToast+UIView.m"; sourceTree = "<group>"; };
		D28A50161EFBB1B5001C0463 /* NSString+LMZXCommon.h */ = {isa = PBXFileReference; fileEncoding = 4; lastKnownFileType = sourcecode.c.h; path = "NSString+LMZXCommon.h"; sourceTree = "<group>"; };
		D28A50171EFBB1B5001C0463 /* NSString+LMZXCommon.m */ = {isa = PBXFileReference; fileEncoding = 4; lastKnownFileType = sourcecode.c.objc; path = "NSString+LMZXCommon.m"; sourceTree = "<group>"; };
		D28A50181EFBB1B5001C0463 /* UIBarButtonItem+LMZXExtension.h */ = {isa = PBXFileReference; fileEncoding = 4; lastKnownFileType = sourcecode.c.h; path = "UIBarButtonItem+LMZXExtension.h"; sourceTree = "<group>"; };
		D28A50191EFBB1B5001C0463 /* UIBarButtonItem+LMZXExtension.m */ = {isa = PBXFileReference; fileEncoding = 4; lastKnownFileType = sourcecode.c.objc; path = "UIBarButtonItem+LMZXExtension.m"; sourceTree = "<group>"; };
		D28A501A1EFBB1B5001C0463 /* UIButton+LMZXExtension.h */ = {isa = PBXFileReference; fileEncoding = 4; lastKnownFileType = sourcecode.c.h; path = "UIButton+LMZXExtension.h"; sourceTree = "<group>"; };
		D28A501B1EFBB1B5001C0463 /* UIButton+LMZXExtension.m */ = {isa = PBXFileReference; fileEncoding = 4; lastKnownFileType = sourcecode.c.objc; path = "UIButton+LMZXExtension.m"; sourceTree = "<group>"; };
		D28A501C1EFBB1B5001C0463 /* UIImage+LMZXTint.h */ = {isa = PBXFileReference; fileEncoding = 4; lastKnownFileType = sourcecode.c.h; path = "UIImage+LMZXTint.h"; sourceTree = "<group>"; };
		D28A501D1EFBB1B5001C0463 /* UIImage+LMZXTint.m */ = {isa = PBXFileReference; fileEncoding = 4; lastKnownFileType = sourcecode.c.objc; path = "UIImage+LMZXTint.m"; sourceTree = "<group>"; };
		D28A501E1EFBB1B5001C0463 /* UIImageView+LMZXExtend.h */ = {isa = PBXFileReference; fileEncoding = 4; lastKnownFileType = sourcecode.c.h; path = "UIImageView+LMZXExtend.h"; sourceTree = "<group>"; };
		D28A501F1EFBB1B5001C0463 /* UIImageView+LMZXExtend.m */ = {isa = PBXFileReference; fileEncoding = 4; lastKnownFileType = sourcecode.c.objc; path = "UIImageView+LMZXExtend.m"; sourceTree = "<group>"; };
		D28A50201EFBB1B5001C0463 /* UILabel+LMZXExtension.h */ = {isa = PBXFileReference; fileEncoding = 4; lastKnownFileType = sourcecode.c.h; path = "UILabel+LMZXExtension.h"; sourceTree = "<group>"; };
		D28A50211EFBB1B5001C0463 /* UILabel+LMZXExtension.m */ = {isa = PBXFileReference; fileEncoding = 4; lastKnownFileType = sourcecode.c.objc; path = "UILabel+LMZXExtension.m"; sourceTree = "<group>"; };
		D28A50221EFBB1B5001C0463 /* UIView+LMZXExtension.h */ = {isa = PBXFileReference; fileEncoding = 4; lastKnownFileType = sourcecode.c.h; path = "UIView+LMZXExtension.h"; sourceTree = "<group>"; };
		D28A50231EFBB1B5001C0463 /* UIView+LMZXExtension.m */ = {isa = PBXFileReference; fileEncoding = 4; lastKnownFileType = sourcecode.c.objc; path = "UIView+LMZXExtension.m"; sourceTree = "<group>"; };
		D28A50241EFBB1B5001C0463 /* UIViewController+LMZXBackButtonHandler.h */ = {isa = PBXFileReference; fileEncoding = 4; lastKnownFileType = sourcecode.c.h; path = "UIViewController+LMZXBackButtonHandler.h"; sourceTree = "<group>"; };
		D28A50251EFBB1B5001C0463 /* UIViewController+LMZXBackButtonHandler.m */ = {isa = PBXFileReference; fileEncoding = 4; lastKnownFileType = sourcecode.c.objc; path = "UIViewController+LMZXBackButtonHandler.m"; sourceTree = "<group>"; };
		D28A50271EFBB1B5001C0463 /* LMZXFactoryView.h */ = {isa = PBXFileReference; fileEncoding = 4; lastKnownFileType = sourcecode.c.h; path = LMZXFactoryView.h; sourceTree = "<group>"; };
		D28A50281EFBB1B5001C0463 /* LMZXFactoryView.m */ = {isa = PBXFileReference; fileEncoding = 4; lastKnownFileType = sourcecode.c.objc; path = LMZXFactoryView.m; sourceTree = "<group>"; };
		D28A50291EFBB1B5001C0463 /* LMZXLog.h */ = {isa = PBXFileReference; fileEncoding = 4; lastKnownFileType = sourcecode.c.h; path = LMZXLog.h; sourceTree = "<group>"; };
		D28A502A1EFBB1B5001C0463 /* LMZXLog.m */ = {isa = PBXFileReference; fileEncoding = 4; lastKnownFileType = sourcecode.c.objc; path = LMZXLog.m; sourceTree = "<group>"; };
		D28A502B1EFBB1B5001C0463 /* LMZXSMSTextFiled.h */ = {isa = PBXFileReference; fileEncoding = 4; lastKnownFileType = sourcecode.c.h; path = LMZXSMSTextFiled.h; sourceTree = "<group>"; };
		D28A502C1EFBB1B5001C0463 /* LMZXSMSTextFiled.m */ = {isa = PBXFileReference; fileEncoding = 4; lastKnownFileType = sourcecode.c.objc; path = LMZXSMSTextFiled.m; sourceTree = "<group>"; };
		D28A502D1EFBB1B5001C0463 /* LMZXTool.h */ = {isa = PBXFileReference; fileEncoding = 4; lastKnownFileType = sourcecode.c.h; path = LMZXTool.h; sourceTree = "<group>"; };
		D28A502E1EFBB1B5001C0463 /* LMZXTool.m */ = {isa = PBXFileReference; fileEncoding = 4; lastKnownFileType = sourcecode.c.objc; path = LMZXTool.m; sourceTree = "<group>"; };
		D28A502F1EFBB1B5001C0463 /* LMZXDemoAPI.h */ = {isa = PBXFileReference; fileEncoding = 4; lastKnownFileType = sourcecode.c.h; path = LMZXDemoAPI.h; sourceTree = "<group>"; };
		D28A50301EFBB1B5001C0463 /* LMZXHomeSearchType.h */ = {isa = PBXFileReference; fileEncoding = 4; lastKnownFileType = sourcecode.c.h; path = LMZXHomeSearchType.h; sourceTree = "<group>"; };
		D28A50311EFBB1B5001C0463 /* LMZXSDK.h */ = {isa = PBXFileReference; fileEncoding = 4; lastKnownFileType = sourcecode.c.h; path = LMZXSDK.h; sourceTree = "<group>"; };
		D28A50321EFBB1B5001C0463 /* LMZXSDK.m */ = {isa = PBXFileReference; fileEncoding = 4; lastKnownFileType = sourcecode.c.objc; path = LMZXSDK.m; sourceTree = "<group>"; };
		D28A50331EFBB1B5001C0463 /* LMZXWebLoadingType.h */ = {isa = PBXFileReference; fileEncoding = 4; lastKnownFileType = sourcecode.c.h; path = LMZXWebLoadingType.h; sourceTree = "<group>"; };
		D28A50341EFBB1B5001C0463 /* LMZXWebLoadingType.m */ = {isa = PBXFileReference; fileEncoding = 4; lastKnownFileType = sourcecode.c.objc; path = LMZXWebLoadingType.m; sourceTree = "<group>"; };
		D28A50381EFBB1B5001C0463 /* LMZXPopTextFiledView.h */ = {isa = PBXFileReference; fileEncoding = 4; lastKnownFileType = sourcecode.c.h; path = LMZXPopTextFiledView.h; sourceTree = "<group>"; };
		D28A50391EFBB1B5001C0463 /* LMZXPopTextFiledView.m */ = {isa = PBXFileReference; fileEncoding = 4; lastKnownFileType = sourcecode.c.objc; path = LMZXPopTextFiledView.m; sourceTree = "<group>"; };
		D28A503C1EFBB1B5001C0463 /* LMZXCityListBaseVC.h */ = {isa = PBXFileReference; fileEncoding = 4; lastKnownFileType = sourcecode.c.h; path = LMZXCityListBaseVC.h; sourceTree = "<group>"; };
		D28A503D1EFBB1B5001C0463 /* LMZXCityListBaseVC.m */ = {isa = PBXFileReference; fileEncoding = 4; lastKnownFileType = sourcecode.c.objc; path = LMZXCityListBaseVC.m; sourceTree = "<group>"; };
		D28A503E1EFBB1B5001C0463 /* LMZXCityListiOS7VC.h */ = {isa = PBXFileReference; fileEncoding = 4; lastKnownFileType = sourcecode.c.h; path = LMZXCityListiOS7VC.h; sourceTree = "<group>"; };
		D28A503F1EFBB1B5001C0463 /* LMZXCityListiOS7VC.m */ = {isa = PBXFileReference; fileEncoding = 4; lastKnownFileType = sourcecode.c.objc; path = LMZXCityListiOS7VC.m; sourceTree = "<group>"; };
		D28A50401EFBB1B5001C0463 /* LMZXCityListCell.h */ = {isa = PBXFileReference; fileEncoding = 4; lastKnownFileType = sourcecode.c.h; path = LMZXCityListCell.h; sourceTree = "<group>"; };
		D28A50411EFBB1B5001C0463 /* LMZXCityListCell.m */ = {isa = PBXFileReference; fileEncoding = 4; lastKnownFileType = sourcecode.c.objc; path = LMZXCityListCell.m; sourceTree = "<group>"; };
		D28A50421EFBB1B5001C0463 /* LMZXCityListViewController.h */ = {isa = PBXFileReference; fileEncoding = 4; lastKnownFileType = sourcecode.c.h; path = LMZXCityListViewController.h; sourceTree = "<group>"; };
		D28A50431EFBB1B5001C0463 /* LMZXCityListViewController.m */ = {isa = PBXFileReference; fileEncoding = 4; lastKnownFileType = sourcecode.c.objc; path = LMZXCityListViewController.m; sourceTree = "<group>"; };
		D28A50441EFBB1B5001C0463 /* LMZXCityLocationView.h */ = {isa = PBXFileReference; fileEncoding = 4; lastKnownFileType = sourcecode.c.h; path = LMZXCityLocationView.h; sourceTree = "<group>"; };
		D28A50451EFBB1B5001C0463 /* LMZXCityLocationView.m */ = {isa = PBXFileReference; fileEncoding = 4; lastKnownFileType = sourcecode.c.objc; path = LMZXCityLocationView.m; sourceTree = "<group>"; };
		D28A50461EFBB1B5001C0463 /* LMZXCityModel.h */ = {isa = PBXFileReference; fileEncoding = 4; lastKnownFileType = sourcecode.c.h; path = LMZXCityModel.h; sourceTree = "<group>"; };
		D28A50471EFBB1B5001C0463 /* LMZXCityModel.m */ = {isa = PBXFileReference; fileEncoding = 4; lastKnownFileType = sourcecode.c.objc; path = LMZXCityModel.m; sourceTree = "<group>"; };
		D28A50481EFBB1B5001C0463 /* LMZXCitySearchResultVC.h */ = {isa = PBXFileReference; fileEncoding = 4; lastKnownFileType = sourcecode.c.h; path = LMZXCitySearchResultVC.h; sourceTree = "<group>"; };
		D28A50491EFBB1B5001C0463 /* LMZXCitySearchResultVC.m */ = {isa = PBXFileReference; fileEncoding = 4; lastKnownFileType = sourcecode.c.objc; path = LMZXCitySearchResultVC.m; sourceTree = "<group>"; };
		D28A504B1EFBB1B5001C0463 /* LMZXSearchBaseVC.h */ = {isa = PBXFileReference; fileEncoding = 4; lastKnownFileType = sourcecode.c.h; path = LMZXSearchBaseVC.h; sourceTree = "<group>"; };
		D28A504C1EFBB1B5001C0463 /* LMZXSearchBaseVC.m */ = {isa = PBXFileReference; fileEncoding = 4; lastKnownFileType = sourcecode.c.objc; path = LMZXSearchBaseVC.m; sourceTree = "<group>"; };
		D28A504F1EFBB1B5001C0463 /* LMZXLoadingAnimation.h */ = {isa = PBXFileReference; fileEncoding = 4; lastKnownFileType = sourcecode.c.h; path = LMZXLoadingAnimation.h; sourceTree = "<group>"; };
		D28A50501EFBB1B5001C0463 /* LMZXLoadingAnimation.m */ = {isa = PBXFileReference; fileEncoding = 4; lastKnownFileType = sourcecode.c.objc; path = LMZXLoadingAnimation.m; sourceTree = "<group>"; };
		D28A50511EFBB1B5001C0463 /* LMZXLoadingManagerView.h */ = {isa = PBXFileReference; fileEncoding = 4; lastKnownFileType = sourcecode.c.h; path = LMZXLoadingManagerView.h; sourceTree = "<group>"; };
		D28A50521EFBB1B5001C0463 /* LMZXLoadingManagerView.m */ = {isa = PBXFileReference; fileEncoding = 4; lastKnownFileType = sourcecode.c.objc; path = LMZXLoadingManagerView.m; sourceTree = "<group>"; };
		D28A50531EFBB1B5001C0463 /* LMZXLoadingReportBaseVC.h */ = {isa = PBXFileReference; fileEncoding = 4; lastKnownFileType = sourcecode.c.h; path = LMZXLoadingReportBaseVC.h; sourceTree = "<group>"; };
		D28A50541EFBB1B5001C0463 /* LMZXLoadingReportBaseVC.m */ = {isa = PBXFileReference; fileEncoding = 4; lastKnownFileType = sourcecode.c.objc; path = LMZXLoadingReportBaseVC.m; sourceTree = "<group>"; };
		D28A50571EFBB1B5001C0463 /* LMZXTBProtocol.h */ = {isa = PBXFileReference; fileEncoding = 4; lastKnownFileType = sourcecode.c.h; path = LMZXTBProtocol.h; sourceTree = "<group>"; };
		D28A50581EFBB1B5001C0463 /* LMZXTBProtocol.m */ = {isa = PBXFileReference; fileEncoding = 4; lastKnownFileType = sourcecode.c.objc; path = LMZXTBProtocol.m; sourceTree = "<group>"; };
		D28A50591EFBB1B5001C0463 /* LMZXWebNetWork.h */ = {isa = PBXFileReference; fileEncoding = 4; lastKnownFileType = sourcecode.c.h; path = LMZXWebNetWork.h; sourceTree = "<group>"; };
		D28A505A1EFBB1B5001C0463 /* LMZXWebNetWork.m */ = {isa = PBXFileReference; fileEncoding = 4; lastKnownFileType = sourcecode.c.objc; path = LMZXWebNetWork.m; sourceTree = "<group>"; };
		D28A505B1EFBB1B5001C0463 /* LMZXWebViewBaseVC.h */ = {isa = PBXFileReference; fileEncoding = 4; lastKnownFileType = sourcecode.c.h; path = LMZXWebViewBaseVC.h; sourceTree = "<group>"; };
		D28A505C1EFBB1B5001C0463 /* LMZXWebViewBaseVC.m */ = {isa = PBXFileReference; fileEncoding = 4; lastKnownFileType = sourcecode.c.objc; path = LMZXWebViewBaseVC.m; sourceTree = "<group>"; };
		D28A505D1EFBB1B5001C0463 /* LMZXAnalysisWebModel.h */ = {isa = PBXFileReference; fileEncoding = 4; lastKnownFileType = sourcecode.c.h; path = LMZXAnalysisWebModel.h; sourceTree = "<group>"; };
		D28A505E1EFBB1B5001C0463 /* LMZXAnalysisWebModel.m */ = {isa = PBXFileReference; fileEncoding = 4; lastKnownFileType = sourcecode.c.objc; path = LMZXAnalysisWebModel.m; sourceTree = "<group>"; };
		D28A505F1EFBB1B5001C0463 /* LMZXReachability.h */ = {isa = PBXFileReference; fileEncoding = 4; lastKnownFileType = sourcecode.c.h; path = LMZXReachability.h; sourceTree = "<group>"; };
		D28A50601EFBB1B5001C0463 /* LMZXReachability.m */ = {isa = PBXFileReference; fileEncoding = 4; lastKnownFileType = sourcecode.c.objc; path = LMZXReachability.m; sourceTree = "<group>"; };
		D28A50611EFBB1B5001C0463 /* LMZXWebViewController.h */ = {isa = PBXFileReference; fileEncoding = 4; lastKnownFileType = sourcecode.c.h; path = LMZXWebViewController.h; sourceTree = "<group>"; };
		D28A50621EFBB1B5001C0463 /* LMZXWebViewController.m */ = {isa = PBXFileReference; fileEncoding = 4; lastKnownFileType = sourcecode.c.objc; path = LMZXWebViewController.m; sourceTree = "<group>"; };
		D28A50641EFBB1B5001C0463 /* LMZXWebBusinessVC.h */ = {isa = PBXFileReference; fileEncoding = 4; lastKnownFileType = sourcecode.c.h; path = LMZXWebBusinessVC.h; sourceTree = "<group>"; };
		D28A50651EFBB1B5001C0463 /* LMZXWebBusinessVC.m */ = {isa = PBXFileReference; fileEncoding = 4; lastKnownFileType = sourcecode.c.objc; path = LMZXWebBusinessVC.m; sourceTree = "<group>"; };
		D28A50681EFBB1B5001C0463 /* LMZXHTTPTool.h */ = {isa = PBXFileReference; fileEncoding = 4; lastKnownFileType = sourcecode.c.h; path = LMZXHTTPTool.h; sourceTree = "<group>"; };
		D28A50691EFBB1B5001C0463 /* LMZXHTTPTool.m */ = {isa = PBXFileReference; fileEncoding = 4; lastKnownFileType = sourcecode.c.objc; path = LMZXHTTPTool.m; sourceTree = "<group>"; };
		D28A506A1EFBB1B5001C0463 /* LMZXURLRequestSerialization.h */ = {isa = PBXFileReference; fileEncoding = 4; lastKnownFileType = sourcecode.c.h; path = LMZXURLRequestSerialization.h; sourceTree = "<group>"; };
		D28A506B1EFBB1B5001C0463 /* LMZXURLRequestSerialization.m */ = {isa = PBXFileReference; fileEncoding = 4; lastKnownFileType = sourcecode.c.objc; path = LMZXURLRequestSerialization.m; sourceTree = "<group>"; };
		D28A506D1EFBB1B5001C0463 /* LMZXBaseSearchDataTool.h */ = {isa = PBXFileReference; fileEncoding = 4; lastKnownFileType = sourcecode.c.h; path = LMZXBaseSearchDataTool.h; sourceTree = "<group>"; };
		D28A506E1EFBB1B5001C0463 /* LMZXBaseSearchDataTool.m */ = {isa = PBXFileReference; fileEncoding = 4; lastKnownFileType = sourcecode.c.objc; path = LMZXBaseSearchDataTool.m; sourceTree = "<group>"; };
		D28A50701EFBB1B6001C0463 /* LMZXQueryInfoModel.h */ = {isa = PBXFileReference; fileEncoding = 4; lastKnownFileType = sourcecode.c.h; path = LMZXQueryInfoModel.h; sourceTree = "<group>"; };
		D28A50711EFBB1B6001C0463 /* LMZXQueryInfoModel.m */ = {isa = PBXFileReference; fileEncoding = 4; lastKnownFileType = sourcecode.c.objc; path = LMZXQueryInfoModel.m; sourceTree = "<group>"; };
		D28A50741EFBB1B6001C0463 /* LMZXEducationSearchVC.h */ = {isa = PBXFileReference; fileEncoding = 4; lastKnownFileType = sourcecode.c.h; path = LMZXEducationSearchVC.h; sourceTree = "<group>"; };
		D28A50751EFBB1B6001C0463 /* LMZXEducationSearchVC.m */ = {isa = PBXFileReference; fileEncoding = 4; lastKnownFileType = sourcecode.c.objc; path = LMZXEducationSearchVC.m; sourceTree = "<group>"; };
		D28A50771EFBB1B6001C0463 /* LMZXHouseFundSocialSecuritySearchVC.h */ = {isa = PBXFileReference; fileEncoding = 4; lastKnownFileType = sourcecode.c.h; path = LMZXHouseFundSocialSecuritySearchVC.h; sourceTree = "<group>"; };
		D28A50781EFBB1B6001C0463 /* LMZXHouseFundSocialSecuritySearchVC.m */ = {isa = PBXFileReference; fileEncoding = 4; lastKnownFileType = sourcecode.c.objc; path = LMZXHouseFundSocialSecuritySearchVC.m; sourceTree = "<group>"; };
		D28A507A1EFBB1B6001C0463 /* LMZXJDSearchVC.h */ = {isa = PBXFileReference; fileEncoding = 4; lastKnownFileType = sourcecode.c.h; path = LMZXJDSearchVC.h; sourceTree = "<group>"; };
		D28A507B1EFBB1B6001C0463 /* LMZXJDSearchVC.m */ = {isa = PBXFileReference; fileEncoding = 4; lastKnownFileType = sourcecode.c.objc; path = LMZXJDSearchVC.m; sourceTree = "<group>"; };
		D28A507D1EFBB1B6001C0463 /* LMZXMobileCarrieSearchVC.h */ = {isa = PBXFileReference; fileEncoding = 4; lastKnownFileType = sourcecode.c.h; path = LMZXMobileCarrieSearchVC.h; sourceTree = "<group>"; };
		D28A507E1EFBB1B6001C0463 /* LMZXMobileCarrieSearchVC.m */ = {isa = PBXFileReference; fileEncoding = 4; lastKnownFileType = sourcecode.c.objc; path = LMZXMobileCarrieSearchVC.m; sourceTree = "<group>"; };
		D28A50801EFBB1B6001C0463 /* LMZXSearchCellModel.h */ = {isa = PBXFileReference; fileEncoding = 4; lastKnownFileType = sourcecode.c.h; path = LMZXSearchCellModel.h; sourceTree = "<group>"; };
		D28A50811EFBB1B6001C0463 /* LMZXSearchCellModel.m */ = {isa = PBXFileReference; fileEncoding = 4; lastKnownFileType = sourcecode.c.objc; path = LMZXSearchCellModel.m; sourceTree = "<group>"; };
		D28A50831EFBB1B6001C0463 /* LMZXCommonSearchCell.h */ = {isa = PBXFileReference; fileEncoding = 4; lastKnownFileType = sourcecode.c.h; path = LMZXCommonSearchCell.h; sourceTree = "<group>"; };
		D28A50841EFBB1B6001C0463 /* LMZXCommonSearchCell.m */ = {isa = PBXFileReference; fileEncoding = 4; lastKnownFileType = sourcecode.c.objc; path = LMZXCommonSearchCell.m; sourceTree = "<group>"; };
		D28A50861EFBB1B6001C0463 /* LMZXTaobaoSearchVC.h */ = {isa = PBXFileReference; fileEncoding = 4; lastKnownFileType = sourcecode.c.h; path = LMZXTaobaoSearchVC.h; sourceTree = "<group>"; };
		D28A50871EFBB1B6001C0463 /* LMZXTaobaoSearchVC.m */ = {isa = PBXFileReference; fileEncoding = 4; lastKnownFileType = sourcecode.c.objc; path = LMZXTaobaoSearchVC.m; sourceTree = "<group>"; };
		D28A508A1EFBB1B6001C0463 /* LMZXAutoinsuranceVC.h */ = {isa = PBXFileReference; fileEncoding = 4; lastKnownFileType = sourcecode.c.h; path = LMZXAutoinsuranceVC.h; sourceTree = "<group>"; };
		D28A508B1EFBB1B6001C0463 /* LMZXAutoinsuranceVC.m */ = {isa = PBXFileReference; fileEncoding = 4; lastKnownFileType = sourcecode.c.objc; path = LMZXAutoinsuranceVC.m; sourceTree = "<group>"; };
		D28A508D1EFBB1B6001C0463 /* LMZXLevelSlideBar.h */ = {isa = PBXFileReference; fileEncoding = 4; lastKnownFileType = sourcecode.c.h; path = LMZXLevelSlideBar.h; sourceTree = "<group>"; };
		D28A508E1EFBB1B6001C0463 /* LMZXLevelSlideBar.m */ = {isa = PBXFileReference; fileEncoding = 4; lastKnownFileType = sourcecode.c.objc; path = LMZXLevelSlideBar.m; sourceTree = "<group>"; };
		D28A508F1EFBB1B6001C0463 /* LMZXListHookCell.h */ = {isa = PBXFileReference; fileEncoding = 4; lastKnownFileType = sourcecode.c.h; path = LMZXListHookCell.h; sourceTree = "<group>"; };
		D28A50901EFBB1B6001C0463 /* LMZXListHookCell.m */ = {isa = PBXFileReference; fileEncoding = 4; lastKnownFileType = sourcecode.c.objc; path = LMZXListHookCell.m; sourceTree = "<group>"; };
		D28A50911EFBB1B6001C0463 /* LMZXListHookModel.h */ = {isa = PBXFileReference; fileEncoding = 4; lastKnownFileType = sourcecode.c.h; path = LMZXListHookModel.h; sourceTree = "<group>"; };
		D28A50921EFBB1B6001C0463 /* LMZXListHookModel.m */ = {isa = PBXFileReference; fileEncoding = 4; lastKnownFileType = sourcecode.c.objc; path = LMZXListHookModel.m; sourceTree = "<group>"; };
		D28A50931EFBB1B6001C0463 /* LMZXListHookVC.h */ = {isa = PBXFileReference; fileEncoding = 4; lastKnownFileType = sourcecode.c.h; path = LMZXListHookVC.h; sourceTree = "<group>"; };
		D28A50941EFBB1B6001C0463 /* LMZXListHookVC.m */ = {isa = PBXFileReference; fileEncoding = 4; lastKnownFileType = sourcecode.c.objc; path = LMZXListHookVC.m; sourceTree = "<group>"; };
		D28A50961EFBB1B6001C0463 /* LMZXCentralBankVC.h */ = {isa = PBXFileReference; fileEncoding = 4; lastKnownFileType = sourcecode.c.h; path = LMZXCentralBankVC.h; sourceTree = "<group>"; };
		D28A50971EFBB1B6001C0463 /* LMZXCentralBankVC.m */ = {isa = PBXFileReference; fileEncoding = 4; lastKnownFileType = sourcecode.c.objc; path = LMZXCentralBankVC.m; sourceTree = "<group>"; };
		D28A50991EFBB1B6001C0463 /* LMZXCreditBillGuideVC.h */ = {isa = PBXFileReference; fileEncoding = 4; lastKnownFileType = sourcecode.c.h; path = LMZXCreditBillGuideVC.h; sourceTree = "<group>"; };
		D28A509A1EFBB1B6001C0463 /* LMZXCreditBillGuideVC.m */ = {isa = PBXFileReference; fileEncoding = 4; lastKnownFileType = sourcecode.c.objc; path = LMZXCreditBillGuideVC.m; sourceTree = "<group>"; };
		D28A509B1EFBB1B6001C0463 /* LMZXCreditBillNativeVC.h */ = {isa = PBXFileReference; fileEncoding = 4; lastKnownFileType = sourcecode.c.h; path = LMZXCreditBillNativeVC.h; sourceTree = "<group>"; };
		D28A509C1EFBB1B6001C0463 /* LMZXCreditBillNativeVC.m */ = {isa = PBXFileReference; fileEncoding = 4; lastKnownFileType = sourcecode.c.objc; path = LMZXCreditBillNativeVC.m; sourceTree = "<group>"; };
		D28A509D1EFBB1B6001C0463 /* LMZXCreditBillWebVC.h */ = {isa = PBXFileReference; fileEncoding = 4; lastKnownFileType = sourcecode.c.h; path = LMZXCreditBillWebVC.h; sourceTree = "<group>"; };
		D28A509E1EFBB1B6001C0463 /* LMZXCreditBillWebVC.m */ = {isa = PBXFileReference; fileEncoding = 4; lastKnownFileType = sourcecode.c.objc; path = LMZXCreditBillWebVC.m; sourceTree = "<group>"; };
		D28A509F1EFBB1B6001C0463 /* LMZXImageBtn.h */ = {isa = PBXFileReference; fileEncoding = 4; lastKnownFileType = sourcecode.c.h; path = LMZXImageBtn.h; sourceTree = "<group>"; };
		D28A50A01EFBB1B6001C0463 /* LMZXImageBtn.m */ = {isa = PBXFileReference; fileEncoding = 4; lastKnownFileType = sourcecode.c.objc; path = LMZXImageBtn.m; sourceTree = "<group>"; };
		D28A50A21EFBB1B6001C0463 /* LMZXEBankBillVC.h */ = {isa = PBXFileReference; fileEncoding = 4; lastKnownFileType = sourcecode.c.h; path = LMZXEBankBillVC.h; sourceTree = "<group>"; };
		D28A50A31EFBB1B6001C0463 /* LMZXEBankBillVC.m */ = {isa = PBXFileReference; fileEncoding = 4; lastKnownFileType = sourcecode.c.objc; path = LMZXEBankBillVC.m; sourceTree = "<group>"; };
		D28A50A51EFBB1B6001C0463 /* LMZXCtripVC.h */ = {isa = PBXFileReference; fileEncoding = 4; lastKnownFileType = sourcecode.c.h; path = LMZXCtripVC.h; sourceTree = "<group>"; };
		D28A50A61EFBB1B6001C0463 /* LMZXCtripVC.m */ = {isa = PBXFileReference; fileEncoding = 4; lastKnownFileType = sourcecode.c.objc; path = LMZXCtripVC.m; sourceTree = "<group>"; };
		D28A50A71EFBB1B6001C0463 /* LMZXDiDiTaxiVC.h */ = {isa = PBXFileReference; fileEncoding = 4; lastKnownFileType = sourcecode.c.h; path = LMZXDiDiTaxiVC.h; sourceTree = "<group>"; };
		D28A50A81EFBB1B6001C0463 /* LMZXDiDiTaxiVC.m */ = {isa = PBXFileReference; fileEncoding = 4; lastKnownFileType = sourcecode.c.objc; path = LMZXDiDiTaxiVC.m; sourceTree = "<group>"; };
		D28A50A91EFBB1B6001C0463 /* LMZXLinkedinMaimaiVC.h */ = {isa = PBXFileReference; fileEncoding = 4; lastKnownFileType = sourcecode.c.h; path = LMZXLinkedinMaimaiVC.h; sourceTree = "<group>"; };
		D28A50AA1EFBB1B6001C0463 /* LMZXLinkedinMaimaiVC.m */ = {isa = PBXFileReference; fileEncoding = 4; lastKnownFileType = sourcecode.c.objc; path = LMZXLinkedinMaimaiVC.m; sourceTree = "<group>"; };
		D28A50AB1EFBB1B6001C0463 /* LMZXLostCreditVC.h */ = {isa = PBXFileReference; fileEncoding = 4; lastKnownFileType = sourcecode.c.h; path = LMZXLostCreditVC.h; sourceTree = "<group>"; };
		D28A50AC1EFBB1B6001C0463 /* LMZXLostCreditVC.m */ = {isa = PBXFileReference; fileEncoding = 4; lastKnownFileType = sourcecode.c.objc; path = LMZXLostCreditVC.m; sourceTree = "<group>"; };
		D2E786151E9B50B700A41C6C /* libSDKdabao.a */ = {isa = PBXFileReference; explicitFileType = archive.ar; includeInIndex = 0; path = libSDKdabao.a; sourceTree = BUILT_PRODUCTS_DIR; };
/* End PBXFileReference section */

/* Begin PBXFrameworksBuildPhase section */
		D2E786121E9B50B700A41C6C /* Frameworks */ = {
			isa = PBXFrameworksBuildPhase;
			buildActionMask = 2147483647;
			files = (
			);
			runOnlyForDeploymentPostprocessing = 0;
		};
/* End PBXFrameworksBuildPhase section */

/* Begin PBXGroup section */
		D28A500D1EFBB1B5001C0463 /* LMZXSDK */ = {
			isa = PBXGroup;
			children = (
				D28A500E1EFBB1B5001C0463 /* BaseVC */,
				D28A50131EFBB1B5001C0463 /* Category */,
				D28A50261EFBB1B5001C0463 /* CommonClass */,
				D28A502F1EFBB1B5001C0463 /* LMZXDemoAPI.h */,
				D28A50301EFBB1B5001C0463 /* LMZXHomeSearchType.h */,
				D28A50311EFBB1B5001C0463 /* LMZXSDK.h */,
				D28A50321EFBB1B5001C0463 /* LMZXSDK.m */,
				D28A50331EFBB1B5001C0463 /* LMZXWebLoadingType.h */,
				D28A50341EFBB1B5001C0463 /* LMZXWebLoadingType.m */,
				D28A50351EFBB1B5001C0463 /* Modules */,
			);
			path = LMZXSDK;
			sourceTree = "<group>";
		};
		D28A500E1EFBB1B5001C0463 /* BaseVC */ = {
			isa = PBXGroup;
			children = (
				D28A500F1EFBB1B5001C0463 /* LMZXBaseViewController.h */,
				D28A50101EFBB1B5001C0463 /* LMZXBaseViewController.m */,
				D28A50111EFBB1B5001C0463 /* LMZXSDKNavigationController.h */,
				D28A50121EFBB1B5001C0463 /* LMZXSDKNavigationController.m */,
			);
			path = BaseVC;
			sourceTree = "<group>";
		};
		D28A50131EFBB1B5001C0463 /* Category */ = {
			isa = PBXGroup;
			children = (
				D28A50141EFBB1B5001C0463 /* LMZXToast+UIView.h */,
				D28A50151EFBB1B5001C0463 /* LMZXToast+UIView.m */,
				D28A50161EFBB1B5001C0463 /* NSString+LMZXCommon.h */,
				D28A50171EFBB1B5001C0463 /* NSString+LMZXCommon.m */,
				D28A50181EFBB1B5001C0463 /* UIBarButtonItem+LMZXExtension.h */,
				D28A50191EFBB1B5001C0463 /* UIBarButtonItem+LMZXExtension.m */,
				D28A501A1EFBB1B5001C0463 /* UIButton+LMZXExtension.h */,
				D28A501B1EFBB1B5001C0463 /* UIButton+LMZXExtension.m */,
				D28A501C1EFBB1B5001C0463 /* UIImage+LMZXTint.h */,
				D28A501D1EFBB1B5001C0463 /* UIImage+LMZXTint.m */,
				D28A501E1EFBB1B5001C0463 /* UIImageView+LMZXExtend.h */,
				D28A501F1EFBB1B5001C0463 /* UIImageView+LMZXExtend.m */,
				D28A50201EFBB1B5001C0463 /* UILabel+LMZXExtension.h */,
				D28A50211EFBB1B5001C0463 /* UILabel+LMZXExtension.m */,
				D28A50221EFBB1B5001C0463 /* UIView+LMZXExtension.h */,
				D28A50231EFBB1B5001C0463 /* UIView+LMZXExtension.m */,
				D28A50241EFBB1B5001C0463 /* UIViewController+LMZXBackButtonHandler.h */,
				D28A50251EFBB1B5001C0463 /* UIViewController+LMZXBackButtonHandler.m */,
			);
			path = Category;
			sourceTree = "<group>";
		};
		D28A50261EFBB1B5001C0463 /* CommonClass */ = {
			isa = PBXGroup;
			children = (
				D28A50271EFBB1B5001C0463 /* LMZXFactoryView.h */,
				D28A50281EFBB1B5001C0463 /* LMZXFactoryView.m */,
				D28A50291EFBB1B5001C0463 /* LMZXLog.h */,
				D28A502A1EFBB1B5001C0463 /* LMZXLog.m */,
				D28A502B1EFBB1B5001C0463 /* LMZXSMSTextFiled.h */,
				D28A502C1EFBB1B5001C0463 /* LMZXSMSTextFiled.m */,
				D28A502D1EFBB1B5001C0463 /* LMZXTool.h */,
				D28A502E1EFBB1B5001C0463 /* LMZXTool.m */,
			);
			path = CommonClass;
			sourceTree = "<group>";
		};
		D28A50351EFBB1B5001C0463 /* Modules */ = {
			isa = PBXGroup;
			children = (
				D28A50361EFBB1B5001C0463 /* Common */,
				D28A50551EFBB1B5001C0463 /* H5 */,
				D28A50661EFBB1B5001C0463 /* NetModules */,
				D28A50721EFBB1B6001C0463 /* V1 */,
				D28A50881EFBB1B6001C0463 /* V2 */,
				D28A50A41EFBB1B6001C0463 /* V3 */,
			);
			path = Modules;
			sourceTree = "<group>";
		};
		D28A50361EFBB1B5001C0463 /* Common */ = {
			isa = PBXGroup;
			children = (
				D28A50371EFBB1B5001C0463 /* AuthCode */,
				D28A503A1EFBB1B5001C0463 /* CityList */,
				D28A504A1EFBB1B5001C0463 /* CommonBaseVC */,
				D28A504D1EFBB1B5001C0463 /* LoadingReportVC */,
			);
			path = Common;
			sourceTree = "<group>";
		};
		D28A50371EFBB1B5001C0463 /* AuthCode */ = {
			isa = PBXGroup;
			children = (
				D28A50381EFBB1B5001C0463 /* LMZXPopTextFiledView.h */,
				D28A50391EFBB1B5001C0463 /* LMZXPopTextFiledView.m */,
			);
			path = AuthCode;
			sourceTree = "<group>";
		};
		D28A503A1EFBB1B5001C0463 /* CityList */ = {
			isa = PBXGroup;
			children = (
				D28A503B1EFBB1B5001C0463 /* iOS7 */,
				D28A50401EFBB1B5001C0463 /* LMZXCityListCell.h */,
				D28A50411EFBB1B5001C0463 /* LMZXCityListCell.m */,
				D28A50421EFBB1B5001C0463 /* LMZXCityListViewController.h */,
				D28A50431EFBB1B5001C0463 /* LMZXCityListViewController.m */,
				D28A50441EFBB1B5001C0463 /* LMZXCityLocationView.h */,
				D28A50451EFBB1B5001C0463 /* LMZXCityLocationView.m */,
				D28A50461EFBB1B5001C0463 /* LMZXCityModel.h */,
				D28A50471EFBB1B5001C0463 /* LMZXCityModel.m */,
				D28A50481EFBB1B5001C0463 /* LMZXCitySearchResultVC.h */,
				D28A50491EFBB1B5001C0463 /* LMZXCitySearchResultVC.m */,
			);
			path = CityList;
			sourceTree = "<group>";
		};
		D28A503B1EFBB1B5001C0463 /* iOS7 */ = {
			isa = PBXGroup;
			children = (
				D28A503C1EFBB1B5001C0463 /* LMZXCityListBaseVC.h */,
				D28A503D1EFBB1B5001C0463 /* LMZXCityListBaseVC.m */,
				D28A503E1EFBB1B5001C0463 /* LMZXCityListiOS7VC.h */,
				D28A503F1EFBB1B5001C0463 /* LMZXCityListiOS7VC.m */,
			);
			path = iOS7;
			sourceTree = "<group>";
		};
		D28A504A1EFBB1B5001C0463 /* CommonBaseVC */ = {
			isa = PBXGroup;
			children = (
				D28A504B1EFBB1B5001C0463 /* LMZXSearchBaseVC.h */,
				D28A504C1EFBB1B5001C0463 /* LMZXSearchBaseVC.m */,
			);
			path = CommonBaseVC;
			sourceTree = "<group>";
		};
		D28A504D1EFBB1B5001C0463 /* LoadingReportVC */ = {
			isa = PBXGroup;
			children = (
				D28A504E1EFBB1B5001C0463 /* JLoadingView */,
				D28A50531EFBB1B5001C0463 /* LMZXLoadingReportBaseVC.h */,
				D28A50541EFBB1B5001C0463 /* LMZXLoadingReportBaseVC.m */,
			);
			path = LoadingReportVC;
			sourceTree = "<group>";
		};
		D28A504E1EFBB1B5001C0463 /* JLoadingView */ = {
			isa = PBXGroup;
			children = (
				D28A504F1EFBB1B5001C0463 /* LMZXLoadingAnimation.h */,
				D28A50501EFBB1B5001C0463 /* LMZXLoadingAnimation.m */,
				D28A50511EFBB1B5001C0463 /* LMZXLoadingManagerView.h */,
				D28A50521EFBB1B5001C0463 /* LMZXLoadingManagerView.m */,
			);
			path = JLoadingView;
			sourceTree = "<group>";
		};
		D28A50551EFBB1B5001C0463 /* H5 */ = {
			isa = PBXGroup;
			children = (
				D28A50561EFBB1B5001C0463 /* BaseWidget */,
				D28A505D1EFBB1B5001C0463 /* LMZXAnalysisWebModel.h */,
				D28A505E1EFBB1B5001C0463 /* LMZXAnalysisWebModel.m */,
				D28A505F1EFBB1B5001C0463 /* LMZXReachability.h */,
				D28A50601EFBB1B5001C0463 /* LMZXReachability.m */,
				D28A50611EFBB1B5001C0463 /* LMZXWebViewController.h */,
				D28A50621EFBB1B5001C0463 /* LMZXWebViewController.m */,
				D28A50631EFBB1B5001C0463 /* TaobaoH5 */,
			);
			path = H5;
			sourceTree = "<group>";
		};
		D28A50561EFBB1B5001C0463 /* BaseWidget */ = {
			isa = PBXGroup;
			children = (
				D28A50571EFBB1B5001C0463 /* LMZXTBProtocol.h */,
				D28A50581EFBB1B5001C0463 /* LMZXTBProtocol.m */,
				D28A50591EFBB1B5001C0463 /* LMZXWebNetWork.h */,
				D28A505A1EFBB1B5001C0463 /* LMZXWebNetWork.m */,
				D28A505B1EFBB1B5001C0463 /* LMZXWebViewBaseVC.h */,
				D28A505C1EFBB1B5001C0463 /* LMZXWebViewBaseVC.m */,
			);
			path = BaseWidget;
			sourceTree = "<group>";
		};
		D28A50631EFBB1B5001C0463 /* TaobaoH5 */ = {
			isa = PBXGroup;
			children = (
				D28A50641EFBB1B5001C0463 /* LMZXWebBusinessVC.h */,
				D28A50651EFBB1B5001C0463 /* LMZXWebBusinessVC.m */,
			);
			path = TaobaoH5;
			sourceTree = "<group>";
		};
		D28A50661EFBB1B5001C0463 /* NetModules */ = {
			isa = PBXGroup;
			children = (
				D28A50671EFBB1B5001C0463 /* HTTPTools */,
				D28A506C1EFBB1B5001C0463 /* OpretationTool */,
			);
			path = NetModules;
			sourceTree = "<group>";
		};
		D28A50671EFBB1B5001C0463 /* HTTPTools */ = {
			isa = PBXGroup;
			children = (
				D28A50681EFBB1B5001C0463 /* LMZXHTTPTool.h */,
				D28A50691EFBB1B5001C0463 /* LMZXHTTPTool.m */,
				D28A506A1EFBB1B5001C0463 /* LMZXURLRequestSerialization.h */,
				D28A506B1EFBB1B5001C0463 /* LMZXURLRequestSerialization.m */,
			);
			path = HTTPTools;
			sourceTree = "<group>";
		};
		D28A506C1EFBB1B5001C0463 /* OpretationTool */ = {
			isa = PBXGroup;
			children = (
				D28A506D1EFBB1B5001C0463 /* LMZXBaseSearchDataTool.h */,
				D28A506E1EFBB1B5001C0463 /* LMZXBaseSearchDataTool.m */,
				D28A506F1EFBB1B5001C0463 /* Model */,
			);
			path = OpretationTool;
			sourceTree = "<group>";
		};
		D28A506F1EFBB1B5001C0463 /* Model */ = {
			isa = PBXGroup;
			children = (
				D28A50701EFBB1B6001C0463 /* LMZXQueryInfoModel.h */,
				D28A50711EFBB1B6001C0463 /* LMZXQueryInfoModel.m */,
			);
			path = Model;
			sourceTree = "<group>";
		};
		D28A50721EFBB1B6001C0463 /* V1 */ = {
			isa = PBXGroup;
			children = (
				D28A50731EFBB1B6001C0463 /* Education */,
				D28A50761EFBB1B6001C0463 /* HouseFund */,
				D28A50791EFBB1B6001C0463 /* jd */,
				D28A507C1EFBB1B6001C0463 /* MobileCarrie */,
				D28A50851EFBB1B6001C0463 /* Taobao */,
			);
			path = V1;
			sourceTree = "<group>";
		};
		D28A50731EFBB1B6001C0463 /* Education */ = {
			isa = PBXGroup;
			children = (
				D28A50741EFBB1B6001C0463 /* LMZXEducationSearchVC.h */,
				D28A50751EFBB1B6001C0463 /* LMZXEducationSearchVC.m */,
			);
			path = Education;
			sourceTree = "<group>";
		};
		D28A50761EFBB1B6001C0463 /* HouseFund */ = {
			isa = PBXGroup;
			children = (
				D28A50771EFBB1B6001C0463 /* LMZXHouseFundSocialSecuritySearchVC.h */,
				D28A50781EFBB1B6001C0463 /* LMZXHouseFundSocialSecuritySearchVC.m */,
			);
			path = HouseFund;
			sourceTree = "<group>";
		};
		D28A50791EFBB1B6001C0463 /* jd */ = {
			isa = PBXGroup;
			children = (
				D28A507A1EFBB1B6001C0463 /* LMZXJDSearchVC.h */,
				D28A507B1EFBB1B6001C0463 /* LMZXJDSearchVC.m */,
			);
			path = jd;
			sourceTree = "<group>";
		};
		D28A507C1EFBB1B6001C0463 /* MobileCarrie */ = {
			isa = PBXGroup;
			children = (
				D28A507D1EFBB1B6001C0463 /* LMZXMobileCarrieSearchVC.h */,
				D28A507E1EFBB1B6001C0463 /* LMZXMobileCarrieSearchVC.m */,
				D28A507F1EFBB1B6001C0463 /* Model */,
				D28A50821EFBB1B6001C0463 /* views */,
			);
			path = MobileCarrie;
			sourceTree = "<group>";
		};
		D28A507F1EFBB1B6001C0463 /* Model */ = {
			isa = PBXGroup;
			children = (
				D28A50801EFBB1B6001C0463 /* LMZXSearchCellModel.h */,
				D28A50811EFBB1B6001C0463 /* LMZXSearchCellModel.m */,
			);
			path = Model;
			sourceTree = "<group>";
		};
		D28A50821EFBB1B6001C0463 /* views */ = {
			isa = PBXGroup;
			children = (
				D28A50831EFBB1B6001C0463 /* LMZXCommonSearchCell.h */,
				D28A50841EFBB1B6001C0463 /* LMZXCommonSearchCell.m */,
			);
			path = views;
			sourceTree = "<group>";
		};
		D28A50851EFBB1B6001C0463 /* Taobao */ = {
			isa = PBXGroup;
			children = (
				D28A50861EFBB1B6001C0463 /* LMZXTaobaoSearchVC.h */,
				D28A50871EFBB1B6001C0463 /* LMZXTaobaoSearchVC.m */,
			);
			path = Taobao;
			sourceTree = "<group>";
		};
		D28A50881EFBB1B6001C0463 /* V2 */ = {
			isa = PBXGroup;
			children = (
				D28A50891EFBB1B6001C0463 /* Autoinsurance */,
				D28A50951EFBB1B6001C0463 /* CentralBank */,
				D28A50981EFBB1B6001C0463 /* CreditCardBill */,
				D28A50A11EFBB1B6001C0463 /* EBankBill */,
			);
			path = V2;
			sourceTree = "<group>";
		};
		D28A50891EFBB1B6001C0463 /* Autoinsurance */ = {
			isa = PBXGroup;
			children = (
				D28A508A1EFBB1B6001C0463 /* LMZXAutoinsuranceVC.h */,
				D28A508B1EFBB1B6001C0463 /* LMZXAutoinsuranceVC.m */,
				D28A508C1EFBB1B6001C0463 /* model VC */,
			);
			path = Autoinsurance;
			sourceTree = "<group>";
		};
		D28A508C1EFBB1B6001C0463 /* model VC */ = {
			isa = PBXGroup;
			children = (
				D28A508D1EFBB1B6001C0463 /* LMZXLevelSlideBar.h */,
				D28A508E1EFBB1B6001C0463 /* LMZXLevelSlideBar.m */,
				D28A508F1EFBB1B6001C0463 /* LMZXListHookCell.h */,
				D28A50901EFBB1B6001C0463 /* LMZXListHookCell.m */,
				D28A50911EFBB1B6001C0463 /* LMZXListHookModel.h */,
				D28A50921EFBB1B6001C0463 /* LMZXListHookModel.m */,
				D28A50931EFBB1B6001C0463 /* LMZXListHookVC.h */,
				D28A50941EFBB1B6001C0463 /* LMZXListHookVC.m */,
			);
			path = "model VC";
			sourceTree = "<group>";
		};
		D28A50951EFBB1B6001C0463 /* CentralBank */ = {
			isa = PBXGroup;
			children = (
				D28A50961EFBB1B6001C0463 /* LMZXCentralBankVC.h */,
				D28A50971EFBB1B6001C0463 /* LMZXCentralBankVC.m */,
			);
			path = CentralBank;
			sourceTree = "<group>";
		};
		D28A50981EFBB1B6001C0463 /* CreditCardBill */ = {
			isa = PBXGroup;
			children = (
				D28A50991EFBB1B6001C0463 /* LMZXCreditBillGuideVC.h */,
				D28A509A1EFBB1B6001C0463 /* LMZXCreditBillGuideVC.m */,
				D28A509B1EFBB1B6001C0463 /* LMZXCreditBillNativeVC.h */,
				D28A509C1EFBB1B6001C0463 /* LMZXCreditBillNativeVC.m */,
				D28A509D1EFBB1B6001C0463 /* LMZXCreditBillWebVC.h */,
				D28A509E1EFBB1B6001C0463 /* LMZXCreditBillWebVC.m */,
				D28A509F1EFBB1B6001C0463 /* LMZXImageBtn.h */,
				D28A50A01EFBB1B6001C0463 /* LMZXImageBtn.m */,
			);
			path = CreditCardBill;
			sourceTree = "<group>";
		};
		D28A50A11EFBB1B6001C0463 /* EBankBill */ = {
			isa = PBXGroup;
			children = (
				D28A50A21EFBB1B6001C0463 /* LMZXEBankBillVC.h */,
				D28A50A31EFBB1B6001C0463 /* LMZXEBankBillVC.m */,
			);
			path = EBankBill;
			sourceTree = "<group>";
		};
		D28A50A41EFBB1B6001C0463 /* V3 */ = {
			isa = PBXGroup;
			children = (
				D28A50A51EFBB1B6001C0463 /* LMZXCtripVC.h */,
				D28A50A61EFBB1B6001C0463 /* LMZXCtripVC.m */,
				D28A50A71EFBB1B6001C0463 /* LMZXDiDiTaxiVC.h */,
				D28A50A81EFBB1B6001C0463 /* LMZXDiDiTaxiVC.m */,
				D28A50A91EFBB1B6001C0463 /* LMZXLinkedinMaimaiVC.h */,
				D28A50AA1EFBB1B6001C0463 /* LMZXLinkedinMaimaiVC.m */,
				D28A50AB1EFBB1B6001C0463 /* LMZXLostCreditVC.h */,
				D28A50AC1EFBB1B6001C0463 /* LMZXLostCreditVC.m */,
			);
			path = V3;
			sourceTree = "<group>";
		};
		D2E7860C1E9B50B700A41C6C = {
			isa = PBXGroup;
			children = (
				D28A500D1EFBB1B5001C0463 /* LMZXSDK */,
				D2E786161E9B50B700A41C6C /* Products */,
			);
			sourceTree = "<group>";
		};
		D2E786161E9B50B700A41C6C /* Products */ = {
			isa = PBXGroup;
			children = (
				D2E786151E9B50B700A41C6C /* libSDKdabao.a */,
			);
			name = Products;
			sourceTree = "<group>";
		};
/* End PBXGroup section */

/* Begin PBXNativeTarget section */
		D2E786141E9B50B700A41C6C /* SDKdabao */ = {
			isa = PBXNativeTarget;
			buildConfigurationList = D2E7861E1E9B50B700A41C6C /* Build configuration list for PBXNativeTarget "SDKdabao" */;
			buildPhases = (
				D2E786111E9B50B700A41C6C /* Sources */,
				D2E786121E9B50B700A41C6C /* Frameworks */,
				D2E786131E9B50B700A41C6C /* CopyFiles */,
				D24CBEA11F4AE8B0008989E5 /* ShellScript */,
			);
			buildRules = (
			);
			dependencies = (
			);
			name = SDKdabao;
			productName = SDKdabao;
			productReference = D2E786151E9B50B700A41C6C /* libSDKdabao.a */;
			productType = "com.apple.product-type.library.static";
		};
/* End PBXNativeTarget section */

/* Begin PBXProject section */
		D2E7860D1E9B50B700A41C6C /* Project object */ = {
			isa = PBXProject;
			attributes = {
				LastUpgradeCheck = 0820;
				ORGANIZATIONNAME = lmzx;
				TargetAttributes = {
					D256428E1F4C0D3E00F903AD = {
						CreatedOnToolsVersion = 8.3.3;
						ProvisioningStyle = Automatic;
					};
					D2E786141E9B50B700A41C6C = {
						CreatedOnToolsVersion = 8.2.1;
						DevelopmentTeam = 28W82NWSCE;
						ProvisioningStyle = Automatic;
					};
				};
			};
			buildConfigurationList = D2E786101E9B50B700A41C6C /* Build configuration list for PBXProject "SDKdabao" */;
			compatibilityVersion = "Xcode 8.0";
			developmentRegion = English;
			hasScannedForEncodings = 0;
			knownRegions = (
				en,
			);
			mainGroup = D2E7860C1E9B50B700A41C6C;
			productRefGroup = D2E786161E9B50B700A41C6C /* Products */;
			projectDirPath = "";
			projectRoot = "";
			targets = (
				D2E786141E9B50B700A41C6C /* SDKdabao */,
				D256428E1F4C0D3E00F903AD /* build_SDKdabao */,
			);
		};
/* End PBXProject section */

/* Begin PBXShellScriptBuildPhase section */
		D24CBEA11F4AE8B0008989E5 /* ShellScript */ = {
			isa = PBXShellScriptBuildPhase;
			buildActionMask = 2147483647;
			files = (
			);
			inputPaths = (
			);
			outputPaths = (
			);
			runOnlyForDeploymentPostprocessing = 0;
			shellPath = /bin/sh;
			shellScript = "";
		};
		D25642921F4C0D4E00F903AD /* ShellScript */ = {
			isa = PBXShellScriptBuildPhase;
			buildActionMask = 2147483647;
			files = (
			);
			inputPaths = (
			);
			outputPaths = (
			);
			runOnlyForDeploymentPostprocessing = 0;
			shellPath = /bin/sh;
			shellScript = "if [ \"${ACTION}\" = \"build\" ]\nthen\n\n\n\n#要build的target名\ntarget_Name=${PROJECT_NAME}\necho \"target_Name=${target_Name}\"\n\n\n#build之后的文件夹路径\nbuild_DIR=${SRCROOT}/build\necho \"build_DIR=${build_DIR}\"\n\n#真机build生成的头文件的文件夹路径\nDEVICE_DIR_INCLUDE=${build_DIR}/Release-iphoneos/include/${PROJECT_NAME}\necho \"DEVICE_DIR_INCLUDE=${DEVICE_DIR_INCLUDE}\"\n\n#真机build生成的.a文件路径\nDEVICE_DIR_A=${build_DIR}/Release-iphoneos/lib${PROJECT_NAME}.a\necho \"DEVICE_DIR_A=${DEVICE_DIR_A}\"\n\n#模拟器build生成的.a文件路径\nSIMULATOR_DIR_A=${build_DIR}/Release-iphonesimulator/lib${PROJECT_NAME}.a\necho \"SIMULATOR_DIR_A=${SIMULATOR_DIR_A}\"\n\n\n#目标文件夹路径\nINSTALL_DIR=${SRCROOT}/Products/${PROJECT_NAME}\necho \"INSTALL_DIR=${INSTALL_DIR}\"\n\n#目标头文件文件夹路径\nINSTALL_DIR_Headers=${SRCROOT}/Products/${PROJECT_NAME}/Headers\necho \"INSTALL_DIR_Headers=${INSTALL_DIR_Headers}\"\n\n#目标.a路径\nINSTALL_DIR_A=${SRCROOT}/Products/${PROJECT_NAME}/lib${PROJECT_NAME}.a\necho \"INSTALL_DIR_A=${INSTALL_DIR_A}\"\n\n\n#判断build文件夹是否存在，存在则删除\nif [ -d \"${build_DIR}\" ]\nthen\nrm -rf \"${build_DIR}\"\nfi\n\n#判断目标文件夹是否存在，存在则删除该文件夹\nif [ -d \"${INSTALL_DIR}\" ]\nthen\nrm -rf \"${INSTALL_DIR}\"\nfi\n#创建目标文件夹\nmkdir -p \"${INSTALL_DIR}\"\n\n\n#build之前clean一下\nxcodebuild -target ${target_Name} clean\n\n#模拟器build\nxcodebuild -target ${target_Name} -configuration Release -sdk iphonesimulator\n\n#真机build\nxcodebuild -target ${target_Name} -configuration Release -sdk iphoneos\n\n#复制头文件到目标文件夹\ncp -R \"${DEVICE_DIR_INCLUDE}\" \"${INSTALL_DIR_Headers}\"\n\n#合成模拟器和真机.a包\nlipo -create \"${DEVICE_DIR_A}\" \"${SIMULATOR_DIR_A}\" -output \"${INSTALL_DIR_A}\"\n\n#打开目标文件夹\nopen \"${INSTALL_DIR}\"\n\n\nfi";
		};
/* End PBXShellScriptBuildPhase section */

/* Begin PBXSourcesBuildPhase section */
		D2E786111E9B50B700A41C6C /* Sources */ = {
			isa = PBXSourcesBuildPhase;
			buildActionMask = 2147483647;
			files = (
				D28A50AD1EFBB1B6001C0463 /* LMZXBaseViewController.m in Sources */,
				D28A50D81EFBB1B6001C0463 /* LMZXMobileCarrieSearchVC.m in Sources */,
				D28A50BC1EFBB1B6001C0463 /* LMZXSDK.m in Sources */,
				D28A50CA1EFBB1B6001C0463 /* LMZXTBProtocol.m in Sources */,
				D28A50C51EFBB1B6001C0463 /* LMZXCitySearchResultVC.m in Sources */,
				D28A50B91EFBB1B6001C0463 /* LMZXLog.m in Sources */,
				D28A50AE1EFBB1B6001C0463 /* LMZXSDKNavigationController.m in Sources */,
				D28A50CC1EFBB1B6001C0463 /* LMZXWebViewBaseVC.m in Sources */,
				D28A50BB1EFBB1B6001C0463 /* LMZXTool.m in Sources */,
				D28A50B81EFBB1B6001C0463 /* LMZXFactoryView.m in Sources */,
				D28A50B51EFBB1B6001C0463 /* UILabel+LMZXExtension.m in Sources */,
				D28A50BE1EFBB1B6001C0463 /* LMZXPopTextFiledView.m in Sources */,
				D28A50E21EFBB1B6001C0463 /* LMZXCreditBillGuideVC.m in Sources */,
				D28A50D11EFBB1B6001C0463 /* LMZXHTTPTool.m in Sources */,
				D28A50CF1EFBB1B6001C0463 /* LMZXWebViewController.m in Sources */,
				D28A50D41EFBB1B6001C0463 /* LMZXQueryInfoModel.m in Sources */,
				D28A50DE1EFBB1B6001C0463 /* LMZXListHookCell.m in Sources */,
				D28A50B71EFBB1B6001C0463 /* UIViewController+LMZXBackButtonHandler.m in Sources */,
				D28A50C61EFBB1B6001C0463 /* LMZXSearchBaseVC.m in Sources */,
				D28A50D71EFBB1B6001C0463 /* LMZXJDSearchVC.m in Sources */,
				D28A50BF1EFBB1B6001C0463 /* LMZXCityListBaseVC.m in Sources */,
				D28A50D31EFBB1B6001C0463 /* LMZXBaseSearchDataTool.m in Sources */,
				D28A50E71EFBB1B6001C0463 /* LMZXCtripVC.m in Sources */,
				D28A50B31EFBB1B6001C0463 /* UIImage+LMZXTint.m in Sources */,
				D28A50CE1EFBB1B6001C0463 /* LMZXReachability.m in Sources */,
				D28A50DD1EFBB1B6001C0463 /* LMZXLevelSlideBar.m in Sources */,
				D28A50D91EFBB1B6001C0463 /* LMZXSearchCellModel.m in Sources */,
				D28A50B21EFBB1B6001C0463 /* UIButton+LMZXExtension.m in Sources */,
				D28A50C81EFBB1B6001C0463 /* LMZXLoadingManagerView.m in Sources */,
				D28A50CD1EFBB1B6001C0463 /* LMZXAnalysisWebModel.m in Sources */,
				D28A50D01EFBB1B6001C0463 /* LMZXWebBusinessVC.m in Sources */,
				D28A50E51EFBB1B6001C0463 /* LMZXImageBtn.m in Sources */,
				D28A50E11EFBB1B6001C0463 /* LMZXCentralBankVC.m in Sources */,
				D28A50C21EFBB1B6001C0463 /* LMZXCityListViewController.m in Sources */,
				D28A50B11EFBB1B6001C0463 /* UIBarButtonItem+LMZXExtension.m in Sources */,
				D28A50B41EFBB1B6001C0463 /* UIImageView+LMZXExtend.m in Sources */,
				D28A50E01EFBB1B6001C0463 /* LMZXListHookVC.m in Sources */,
				D28A50E91EFBB1B6001C0463 /* LMZXLinkedinMaimaiVC.m in Sources */,
				D28A50C41EFBB1B6001C0463 /* LMZXCityModel.m in Sources */,
				D28A50C71EFBB1B6001C0463 /* LMZXLoadingAnimation.m in Sources */,
				D28A50CB1EFBB1B6001C0463 /* LMZXWebNetWork.m in Sources */,
				D28A50C11EFBB1B6001C0463 /* LMZXCityListCell.m in Sources */,
				D28A50D21EFBB1B6001C0463 /* LMZXURLRequestSerialization.m in Sources */,
				D28A50DA1EFBB1B6001C0463 /* LMZXCommonSearchCell.m in Sources */,
				D28A50E81EFBB1B6001C0463 /* LMZXDiDiTaxiVC.m in Sources */,
				D28A50D61EFBB1B6001C0463 /* LMZXHouseFundSocialSecuritySearchVC.m in Sources */,
				D28A50DF1EFBB1B6001C0463 /* LMZXListHookModel.m in Sources */,
				D28A50DC1EFBB1B6001C0463 /* LMZXAutoinsuranceVC.m in Sources */,
				D28A50BA1EFBB1B6001C0463 /* LMZXSMSTextFiled.m in Sources */,
				D28A50B61EFBB1B6001C0463 /* UIView+LMZXExtension.m in Sources */,
				D28A50BD1EFBB1B6001C0463 /* LMZXWebLoadingType.m in Sources */,
				D28A50C31EFBB1B6001C0463 /* LMZXCityLocationView.m in Sources */,
				D28A50EA1EFBB1B6001C0463 /* LMZXLostCreditVC.m in Sources */,
				D28A50E41EFBB1B6001C0463 /* LMZXCreditBillWebVC.m in Sources */,
				D28A50AF1EFBB1B6001C0463 /* LMZXToast+UIView.m in Sources */,
				D28A50C91EFBB1B6001C0463 /* LMZXLoadingReportBaseVC.m in Sources */,
				D28A50DB1EFBB1B6001C0463 /* LMZXTaobaoSearchVC.m in Sources */,
				D28A50E31EFBB1B6001C0463 /* LMZXCreditBillNativeVC.m in Sources */,
				D28A50E61EFBB1B6001C0463 /* LMZXEBankBillVC.m in Sources */,
				D28A50C01EFBB1B6001C0463 /* LMZXCityListiOS7VC.m in Sources */,
				D28A50D51EFBB1B6001C0463 /* LMZXEducationSearchVC.m in Sources */,
				D28A50B01EFBB1B6001C0463 /* NSString+LMZXCommon.m in Sources */,
			);
			runOnlyForDeploymentPostprocessing = 0;
		};
/* End PBXSourcesBuildPhase section */

/* Begin XCBuildConfiguration section */
		D256428F1F4C0D3F00F903AD /* Debug */ = {
			isa = XCBuildConfiguration;
			buildSettings = {
				PRODUCT_NAME = "$(TARGET_NAME)";
			};
			name = Debug;
		};
		D25642901F4C0D3F00F903AD /* Release */ = {
			isa = XCBuildConfiguration;
			buildSettings = {
				PRODUCT_NAME = "$(TARGET_NAME)";
			};
			name = Release;
		};
		D2E7861C1E9B50B700A41C6C /* Debug */ = {
			isa = XCBuildConfiguration;
			buildSettings = {
				ALWAYS_SEARCH_USER_PATHS = NO;
				CLANG_ANALYZER_NONNULL = YES;
				CLANG_CXX_LANGUAGE_STANDARD = "gnu++0x";
				CLANG_CXX_LIBRARY = "libc++";
				CLANG_ENABLE_MODULES = YES;
				CLANG_ENABLE_OBJC_ARC = YES;
				CLANG_WARN_BOOL_CONVERSION = YES;
				CLANG_WARN_CONSTANT_CONVERSION = YES;
				CLANG_WARN_DIRECT_OBJC_ISA_USAGE = YES_ERROR;
				CLANG_WARN_DOCUMENTATION_COMMENTS = YES;
				CLANG_WARN_EMPTY_BODY = YES;
				CLANG_WARN_ENUM_CONVERSION = YES;
				CLANG_WARN_INFINITE_RECURSION = YES;
				CLANG_WARN_INT_CONVERSION = YES;
				CLANG_WARN_OBJC_ROOT_CLASS = YES_ERROR;
				CLANG_WARN_SUSPICIOUS_MOVE = YES;
				CLANG_WARN_UNREACHABLE_CODE = YES;
				CLANG_WARN__DUPLICATE_METHOD_MATCH = YES;
				"CODE_SIGN_IDENTITY[sdk=iphoneos*]" = "iPhone Developer";
				COPY_PHASE_STRIP = NO;
				DEBUG_INFORMATION_FORMAT = dwarf;
				ENABLE_STRICT_OBJC_MSGSEND = YES;
				ENABLE_TESTABILITY = YES;
				GCC_C_LANGUAGE_STANDARD = gnu99;
				GCC_DYNAMIC_NO_PIC = NO;
				GCC_NO_COMMON_BLOCKS = YES;
				GCC_OPTIMIZATION_LEVEL = 0;
				GCC_PREPROCESSOR_DEFINITIONS = (
					"DEBUG=1",
					"$(inherited)",
				);
				GCC_WARN_64_TO_32_BIT_CONVERSION = YES;
				GCC_WARN_ABOUT_RETURN_TYPE = YES_ERROR;
				GCC_WARN_UNDECLARED_SELECTOR = YES;
				GCC_WARN_UNINITIALIZED_AUTOS = YES_AGGRESSIVE;
				GCC_WARN_UNUSED_FUNCTION = YES;
				GCC_WARN_UNUSED_VARIABLE = YES;
				IPHONEOS_DEPLOYMENT_TARGET = 7.0;
				MTL_ENABLE_DEBUG_INFO = YES;
				ONLY_ACTIVE_ARCH = YES;
				SDKROOT = iphoneos;
			};
			name = Debug;
		};
		D2E7861D1E9B50B700A41C6C /* Release */ = {
			isa = XCBuildConfiguration;
			buildSettings = {
				ALWAYS_SEARCH_USER_PATHS = NO;
				CLANG_ANALYZER_NONNULL = YES;
				CLANG_CXX_LANGUAGE_STANDARD = "gnu++0x";
				CLANG_CXX_LIBRARY = "libc++";
				CLANG_ENABLE_MODULES = YES;
				CLANG_ENABLE_OBJC_ARC = YES;
				CLANG_WARN_BOOL_CONVERSION = YES;
				CLANG_WARN_CONSTANT_CONVERSION = YES;
				CLANG_WARN_DIRECT_OBJC_ISA_USAGE = YES_ERROR;
				CLANG_WARN_DOCUMENTATION_COMMENTS = YES;
				CLANG_WARN_EMPTY_BODY = YES;
				CLANG_WARN_ENUM_CONVERSION = YES;
				CLANG_WARN_INFINITE_RECURSION = YES;
				CLANG_WARN_INT_CONVERSION = YES;
				CLANG_WARN_OBJC_ROOT_CLASS = YES_ERROR;
				CLANG_WARN_SUSPICIOUS_MOVE = YES;
				CLANG_WARN_UNREACHABLE_CODE = YES;
				CLANG_WARN__DUPLICATE_METHOD_MATCH = YES;
				"CODE_SIGN_IDENTITY[sdk=iphoneos*]" = "iPhone Developer";
				COPY_PHASE_STRIP = NO;
				DEBUG_INFORMATION_FORMAT = dwarf;
				ENABLE_NS_ASSERTIONS = NO;
				ENABLE_STRICT_OBJC_MSGSEND = YES;
				GCC_C_LANGUAGE_STANDARD = gnu99;
				GCC_NO_COMMON_BLOCKS = YES;
				GCC_WARN_64_TO_32_BIT_CONVERSION = YES;
				GCC_WARN_ABOUT_RETURN_TYPE = YES_ERROR;
				GCC_WARN_UNDECLARED_SELECTOR = YES;
				GCC_WARN_UNINITIALIZED_AUTOS = YES_AGGRESSIVE;
				GCC_WARN_UNUSED_FUNCTION = YES;
				GCC_WARN_UNUSED_VARIABLE = YES;
				IPHONEOS_DEPLOYMENT_TARGET = 7.0;
				MTL_ENABLE_DEBUG_INFO = NO;
				SDKROOT = iphoneos;
				VALIDATE_PRODUCT = YES;
			};
			name = Release;
		};
		D2E7861F1E9B50B700A41C6C /* Debug */ = {
			isa = XCBuildConfiguration;
			buildSettings = {
				ARCHS = (
					"$(ARCHS_STANDARD)",
					x86_64,
					i386,
				);
				CONFIGURATION_BUILD_DIR = "$(BUILD_DIR)/$(CONFIGURATION)$(EFFECTIVE_PLATFORM_NAME)";
				DEVELOPMENT_TEAM = 28W82NWSCE;
				ENABLE_BITCODE = YES;
				OTHER_LDFLAGS = "-ObjC";
				PRODUCT_NAME = "$(TARGET_NAME)";
				SKIP_INSTALL = YES;
				VALID_ARCHS = "arm64 armv7 armv7s x86_64 i386";
			};
			name = Debug;
		};
		D2E786201E9B50B700A41C6C /* Release */ = {
			isa = XCBuildConfiguration;
			buildSettings = {
				ARCHS = (
					"$(ARCHS_STANDARD)",
					x86_64,
					i386,
				);
				CONFIGURATION_BUILD_DIR = "$(BUILD_DIR)/$(CONFIGURATION)$(EFFECTIVE_PLATFORM_NAME)";
				DEVELOPMENT_TEAM = 28W82NWSCE;
				ENABLE_BITCODE = YES;
				OTHER_LDFLAGS = "-ObjC";
				PRODUCT_NAME = "$(TARGET_NAME)";
				SKIP_INSTALL = YES;
				VALID_ARCHS = "arm64 armv7 armv7s x86_64 i386";
			};
			name = Release;
		};
/* End XCBuildConfiguration section */

/* Begin XCConfigurationList section */
		D25642911F4C0D3F00F903AD /* Build configuration list for PBXAggregateTarget "build_SDKdabao" */ = {
			isa = XCConfigurationList;
			buildConfigurations = (
				D256428F1F4C0D3F00F903AD /* Debug */,
				D25642901F4C0D3F00F903AD /* Release */,
			);
			defaultConfigurationIsVisible = 0;
			defaultConfigurationName = Release;
		};
		D2E786101E9B50B700A41C6C /* Build configuration list for PBXProject "SDKdabao" */ = {
			isa = XCConfigurationList;
			buildConfigurations = (
				D2E7861C1E9B50B700A41C6C /* Debug */,
				D2E7861D1E9B50B700A41C6C /* Release */,
			);
			defaultConfigurationIsVisible = 0;
			defaultConfigurationName = Release;
		};
		D2E7861E1E9B50B700A41C6C /* Build configuration list for PBXNativeTarget "SDKdabao" */ = {
			isa = XCConfigurationList;
			buildConfigurations = (
				D2E7861F1E9B50B700A41C6C /* Debug */,
				D2E786201E9B50B700A41C6C /* Release */,
			);
			defaultConfigurationIsVisible = 0;
			defaultConfigurationName = Release;
		};
/* End XCConfigurationList section */
	};
	rootObject = D2E7860D1E9B50B700A41C6C /* Project object */;
}
